// !$*UTF8*$!
{
	archiveVersion = 1;
	classes = {
	};
	objectVersion = 56;
	objects = {

/* Begin PBXBuildFile section */
		5A62BA772A22BED200D196AD /* OnboardingContainerView.swift in Sources */ = {isa = PBXBuildFile; fileRef = 5A62BA762A22BED200D196AD /* OnboardingContainerView.swift */; };
		5A62BA792A22BF6000D196AD /* WelcomeView.swift in Sources */ = {isa = PBXBuildFile; fileRef = 5A62BA782A22BF6000D196AD /* WelcomeView.swift */; };
		5A62BA7B2A22BF7400D196AD /* PhoneNumberView.swift in Sources */ = {isa = PBXBuildFile; fileRef = 5A62BA7A2A22BF7400D196AD /* PhoneNumberView.swift */; };
		5A62BA7D2A22BF8100D196AD /* VerificationView.swift in Sources */ = {isa = PBXBuildFile; fileRef = 5A62BA7C2A22BF8100D196AD /* VerificationView.swift */; };
		5A62BA7F2A22BF9000D196AD /* CreateProfileView.swift in Sources */ = {isa = PBXBuildFile; fileRef = 5A62BA7E2A22BF9000D196AD /* CreateProfileView.swift */; };
		5A6708522A8E9E18001337F6 /* ProfileCompletionView.swift in Sources */ = {isa = PBXBuildFile; fileRef = 5A6708512A8E9E18001337F6 /* ProfileCompletionView.swift */; };
		5A6F52182AA791A400456AC7 /* GoogleService-Info.plist in Resources */ = {isa = PBXBuildFile; fileRef = 5A6F52172AA791A400456AC7 /* GoogleService-Info.plist */; };
		5A73C7412AA2302D0046B9CF /* ContactsListView.swift in Sources */ = {isa = PBXBuildFile; fileRef = 5A73C7402AA2302D0046B9CF /* ContactsListView.swift */; };
		5A73C7432AA230400046B9CF /* NewUsersView.swift in Sources */ = {isa = PBXBuildFile; fileRef = 5A73C7422AA230400046B9CF /* NewUsersView.swift */; };
		5A73C7452AA2304C0046B9CF /* ProfileView.swift in Sources */ = {isa = PBXBuildFile; fileRef = 5A73C7442AA2304C0046B9CF /* ProfileView.swift */; };
		5A7400502AB4EBD00051F060 /* ConversationView.swift in Sources */ = {isa = PBXBuildFile; fileRef = 5A74004F2AB4EBD00051F060 /* ConversationView.swift */; };
		5A7F33492AA7953600019758 /* FirebaseAnalytics in Frameworks */ = {isa = PBXBuildFile; productRef = 5A7F33482AA7953600019758 /* FirebaseAnalytics */; };
		5A7F334B2AA7953600019758 /* FirebaseAnalyticsOnDeviceConversion in Frameworks */ = {isa = PBXBuildFile; productRef = 5A7F334A2AA7953600019758 /* FirebaseAnalyticsOnDeviceConversion */; };
		5A7F334D2AA7953600019758 /* FirebaseAnalyticsSwift in Frameworks */ = {isa = PBXBuildFile; productRef = 5A7F334C2AA7953600019758 /* FirebaseAnalyticsSwift */; };
		5A7F334F2AA7953600019758 /* FirebaseAnalyticsWithoutAdIdSupport in Frameworks */ = {isa = PBXBuildFile; productRef = 5A7F334E2AA7953600019758 /* FirebaseAnalyticsWithoutAdIdSupport */; };
		5A7F33512AA7953600019758 /* FirebaseAppCheck in Frameworks */ = {isa = PBXBuildFile; productRef = 5A7F33502AA7953600019758 /* FirebaseAppCheck */; };
		5A7F33532AA7953600019758 /* FirebaseAppDistribution-Beta in Frameworks */ = {isa = PBXBuildFile; productRef = 5A7F33522AA7953600019758 /* FirebaseAppDistribution-Beta */; };
		5A7F33552AA7953600019758 /* FirebaseAuth in Frameworks */ = {isa = PBXBuildFile; productRef = 5A7F33542AA7953600019758 /* FirebaseAuth */; };
		5A7F33572AA7953600019758 /* FirebaseAuthCombine-Community in Frameworks */ = {isa = PBXBuildFile; productRef = 5A7F33562AA7953600019758 /* FirebaseAuthCombine-Community */; };
		5A7F33592AA7953600019758 /* FirebaseCrashlytics in Frameworks */ = {isa = PBXBuildFile; productRef = 5A7F33582AA7953600019758 /* FirebaseCrashlytics */; };
		5A7F335B2AA7953600019758 /* FirebaseDatabase in Frameworks */ = {isa = PBXBuildFile; productRef = 5A7F335A2AA7953600019758 /* FirebaseDatabase */; };
		5A7F335D2AA7953600019758 /* FirebaseDatabaseSwift in Frameworks */ = {isa = PBXBuildFile; productRef = 5A7F335C2AA7953600019758 /* FirebaseDatabaseSwift */; };
		5A7F335F2AA7953600019758 /* FirebaseDynamicLinks in Frameworks */ = {isa = PBXBuildFile; productRef = 5A7F335E2AA7953600019758 /* FirebaseDynamicLinks */; };
		5A7F33612AA7953600019758 /* FirebaseFirestore in Frameworks */ = {isa = PBXBuildFile; productRef = 5A7F33602AA7953600019758 /* FirebaseFirestore */; };
		5A7F33632AA7953600019758 /* FirebaseFirestoreCombine-Community in Frameworks */ = {isa = PBXBuildFile; productRef = 5A7F33622AA7953600019758 /* FirebaseFirestoreCombine-Community */; };
		5A7F33652AA7953600019758 /* FirebaseFirestoreSwift in Frameworks */ = {isa = PBXBuildFile; productRef = 5A7F33642AA7953600019758 /* FirebaseFirestoreSwift */; };
		5A7F33672AA7953600019758 /* FirebaseFunctions in Frameworks */ = {isa = PBXBuildFile; productRef = 5A7F33662AA7953600019758 /* FirebaseFunctions */; };
		5A7F33692AA7953600019758 /* FirebaseFunctionsCombine-Community in Frameworks */ = {isa = PBXBuildFile; productRef = 5A7F33682AA7953600019758 /* FirebaseFunctionsCombine-Community */; };
		5A7F336B2AA7953600019758 /* FirebaseInAppMessaging-Beta in Frameworks */ = {isa = PBXBuildFile; productRef = 5A7F336A2AA7953600019758 /* FirebaseInAppMessaging-Beta */; };
		5A7F336D2AA7953600019758 /* FirebaseInAppMessagingSwift-Beta in Frameworks */ = {isa = PBXBuildFile; productRef = 5A7F336C2AA7953600019758 /* FirebaseInAppMessagingSwift-Beta */; };
		5A7F336F2AA7953600019758 /* FirebaseInstallations in Frameworks */ = {isa = PBXBuildFile; productRef = 5A7F336E2AA7953600019758 /* FirebaseInstallations */; };
		5A7F33712AA7953600019758 /* FirebaseMLModelDownloader in Frameworks */ = {isa = PBXBuildFile; productRef = 5A7F33702AA7953600019758 /* FirebaseMLModelDownloader */; };
		5A7F33732AA7953600019758 /* FirebaseMessaging in Frameworks */ = {isa = PBXBuildFile; productRef = 5A7F33722AA7953600019758 /* FirebaseMessaging */; };
		5A7F33752AA7953600019758 /* FirebasePerformance in Frameworks */ = {isa = PBXBuildFile; productRef = 5A7F33742AA7953600019758 /* FirebasePerformance */; };
		5A7F33772AA7953600019758 /* FirebaseRemoteConfig in Frameworks */ = {isa = PBXBuildFile; productRef = 5A7F33762AA7953600019758 /* FirebaseRemoteConfig */; };
		5A7F33792AA7953600019758 /* FirebaseRemoteConfigSwift in Frameworks */ = {isa = PBXBuildFile; productRef = 5A7F33782AA7953600019758 /* FirebaseRemoteConfigSwift */; };
		5A7F337B2AA7953600019758 /* FirebaseStorage in Frameworks */ = {isa = PBXBuildFile; productRef = 5A7F337A2AA7953600019758 /* FirebaseStorage */; };
		5A7F337D2AA7953600019758 /* FirebaseStorageCombine-Community in Frameworks */ = {isa = PBXBuildFile; productRef = 5A7F337C2AA7953600019758 /* FirebaseStorageCombine-Community */; };
		5A7F33912AAF8D5D00019758 /* CustomTabBar.swift in Sources */ = {isa = PBXBuildFile; fileRef = 5A7F33902AAF8D5D00019758 /* CustomTabBar.swift */; };
		5A7F33932AAF8DAF00019758 /* TabBarButton.swift in Sources */ = {isa = PBXBuildFile; fileRef = 5A7F33922AAF8DAF00019758 /* TabBarButton.swift */; };
		5ACDDCC22A4C982500415F04 /* CreateProfileTextFieldStyle.swift in Sources */ = {isa = PBXBuildFile; fileRef = 5ACDDCC12A4C982500415F04 /* CreateProfileTextFieldStyle.swift */; };
		5ACDDCC72A5EFE9700415F04 /* User.swift in Sources */ = {isa = PBXBuildFile; fileRef = 5ACDDCC62A5EFE9700415F04 /* User.swift */; };
		5ACDDCCA2A5F2A2000415F04 /* DatabaseService.swift in Sources */ = {isa = PBXBuildFile; fileRef = 5ACDDCC92A5F2A2000415F04 /* DatabaseService.swift */; };
		5ACDDCCC2A5F2EBB00415F04 /* TextHelper.swift in Sources */ = {isa = PBXBuildFile; fileRef = 5ACDDCCB2A5F2EBB00415F04 /* TextHelper.swift */; };
		5ACDDCEB2A743B7000415F04 /* ImagePicker.swift in Sources */ = {isa = PBXBuildFile; fileRef = 5ACDDCEA2A743B7000415F04 /* ImagePicker.swift */; };
		5AE7AD262A1E746A00996824 /* PanchiApp.swift in Sources */ = {isa = PBXBuildFile; fileRef = 5AE7AD252A1E746A00996824 /* PanchiApp.swift */; };
		5AE7AD282A1E746A00996824 /* RootView.swift in Sources */ = {isa = PBXBuildFile; fileRef = 5AE7AD272A1E746A00996824 /* RootView.swift */; };
		5AE7AD2A2A1E746B00996824 /* Assets.xcassets in Resources */ = {isa = PBXBuildFile; fileRef = 5AE7AD292A1E746B00996824 /* Assets.xcassets */; };
		5AE7AD2D2A1E746B00996824 /* Preview Assets.xcassets in Resources */ = {isa = PBXBuildFile; fileRef = 5AE7AD2C2A1E746B00996824 /* Preview Assets.xcassets */; };
		5AE7AD422A1E8E6C00996824 /* AppDelegate.swift in Sources */ = {isa = PBXBuildFile; fileRef = 5AE7AD412A1E8E6C00996824 /* AppDelegate.swift */; };
		5AE7AD692A1FF75C00996824 /* AuthViewModel.swift in Sources */ = {isa = PBXBuildFile; fileRef = 5AE7AD682A1FF75C00996824 /* AuthViewModel.swift */; };
		5AE7AD7E2A1FFAD900996824 /* LexendDeca-Medium.ttf in Resources */ = {isa = PBXBuildFile; fileRef = 5AE7AD752A1FFAD900996824 /* LexendDeca-Medium.ttf */; };
		5AE7AD7F2A1FFAD900996824 /* LexendDeca-Thin.ttf in Resources */ = {isa = PBXBuildFile; fileRef = 5AE7AD762A1FFAD900996824 /* LexendDeca-Thin.ttf */; };
		5AE7AD802A1FFAD900996824 /* LexendDeca-ExtraBold.ttf in Resources */ = {isa = PBXBuildFile; fileRef = 5AE7AD772A1FFAD900996824 /* LexendDeca-ExtraBold.ttf */; };
		5AE7AD812A1FFAD900996824 /* LexendDeca-ExtraLight.ttf in Resources */ = {isa = PBXBuildFile; fileRef = 5AE7AD782A1FFAD900996824 /* LexendDeca-ExtraLight.ttf */; };
		5AE7AD822A1FFAD900996824 /* LexendDeca-SemiBold.ttf in Resources */ = {isa = PBXBuildFile; fileRef = 5AE7AD792A1FFAD900996824 /* LexendDeca-SemiBold.ttf */; };
		5AE7AD832A1FFAD900996824 /* LexendDeca-Light.ttf in Resources */ = {isa = PBXBuildFile; fileRef = 5AE7AD7A2A1FFAD900996824 /* LexendDeca-Light.ttf */; };
		5AE7AD842A1FFAD900996824 /* LexendDeca-Bold.ttf in Resources */ = {isa = PBXBuildFile; fileRef = 5AE7AD7B2A1FFAD900996824 /* LexendDeca-Bold.ttf */; };
		5AE7AD852A1FFAD900996824 /* LexendDeca-Regular.ttf in Resources */ = {isa = PBXBuildFile; fileRef = 5AE7AD7C2A1FFAD900996824 /* LexendDeca-Regular.ttf */; };
		5AE7AD862A1FFAD900996824 /* LexendDeca-Black.ttf in Resources */ = {isa = PBXBuildFile; fileRef = 5AE7AD7D2A1FFAD900996824 /* LexendDeca-Black.ttf */; };
		5AE7AD892A1FFFED00996824 /* Fonts.swift in Sources */ = {isa = PBXBuildFile; fileRef = 5AE7AD882A1FFFED00996824 /* Fonts.swift */; };
		5AE8AD082A33891100DE5D1B /* OnboardingButtonStyle.swift in Sources */ = {isa = PBXBuildFile; fileRef = 5AE8AD072A33891100DE5D1B /* OnboardingButtonStyle.swift */; };
/* End PBXBuildFile section */

/* Begin PBXFileReference section */
		5A62BA762A22BED200D196AD /* OnboardingContainerView.swift */ = {isa = PBXFileReference; lastKnownFileType = sourcecode.swift; path = OnboardingContainerView.swift; sourceTree = "<group>"; };
		5A62BA782A22BF6000D196AD /* WelcomeView.swift */ = {isa = PBXFileReference; lastKnownFileType = sourcecode.swift; path = WelcomeView.swift; sourceTree = "<group>"; };
		5A62BA7A2A22BF7400D196AD /* PhoneNumberView.swift */ = {isa = PBXFileReference; lastKnownFileType = sourcecode.swift; path = PhoneNumberView.swift; sourceTree = "<group>"; };
		5A62BA7C2A22BF8100D196AD /* VerificationView.swift */ = {isa = PBXFileReference; lastKnownFileType = sourcecode.swift; path = VerificationView.swift; sourceTree = "<group>"; };
		5A62BA7E2A22BF9000D196AD /* CreateProfileView.swift */ = {isa = PBXFileReference; lastKnownFileType = sourcecode.swift; path = CreateProfileView.swift; sourceTree = "<group>"; };
		5A6708512A8E9E18001337F6 /* ProfileCompletionView.swift */ = {isa = PBXFileReference; lastKnownFileType = sourcecode.swift; path = ProfileCompletionView.swift; sourceTree = "<group>"; };
		5A6F52172AA791A400456AC7 /* GoogleService-Info.plist */ = {isa = PBXFileReference; fileEncoding = 4; lastKnownFileType = text.plist.xml; path = "GoogleService-Info.plist"; sourceTree = "<group>"; };
		5A73C7402AA2302D0046B9CF /* ContactsListView.swift */ = {isa = PBXFileReference; lastKnownFileType = sourcecode.swift; path = ContactsListView.swift; sourceTree = "<group>"; };
		5A73C7422AA230400046B9CF /* NewUsersView.swift */ = {isa = PBXFileReference; lastKnownFileType = sourcecode.swift; path = NewUsersView.swift; sourceTree = "<group>"; };
		5A73C7442AA2304C0046B9CF /* ProfileView.swift */ = {isa = PBXFileReference; lastKnownFileType = sourcecode.swift; path = ProfileView.swift; sourceTree = "<group>"; };
		5A74004F2AB4EBD00051F060 /* ConversationView.swift */ = {isa = PBXFileReference; lastKnownFileType = sourcecode.swift; path = ConversationView.swift; sourceTree = "<group>"; };
		5A7F33902AAF8D5D00019758 /* CustomTabBar.swift */ = {isa = PBXFileReference; lastKnownFileType = sourcecode.swift; path = CustomTabBar.swift; sourceTree = "<group>"; };
		5A7F33922AAF8DAF00019758 /* TabBarButton.swift */ = {isa = PBXFileReference; lastKnownFileType = sourcecode.swift; path = TabBarButton.swift; sourceTree = "<group>"; };
		5ACDDCC12A4C982500415F04 /* CreateProfileTextFieldStyle.swift */ = {isa = PBXFileReference; lastKnownFileType = sourcecode.swift; path = CreateProfileTextFieldStyle.swift; sourceTree = "<group>"; };
		5ACDDCC62A5EFE9700415F04 /* User.swift */ = {isa = PBXFileReference; lastKnownFileType = sourcecode.swift; path = User.swift; sourceTree = "<group>"; };
		5ACDDCC92A5F2A2000415F04 /* DatabaseService.swift */ = {isa = PBXFileReference; lastKnownFileType = sourcecode.swift; path = DatabaseService.swift; sourceTree = "<group>"; };
		5ACDDCCB2A5F2EBB00415F04 /* TextHelper.swift */ = {isa = PBXFileReference; lastKnownFileType = sourcecode.swift; path = TextHelper.swift; sourceTree = "<group>"; };
		5ACDDCEA2A743B7000415F04 /* ImagePicker.swift */ = {isa = PBXFileReference; lastKnownFileType = sourcecode.swift; path = ImagePicker.swift; sourceTree = "<group>"; };
		5AE7AD222A1E746A00996824 /* Panchi.app */ = {isa = PBXFileReference; explicitFileType = wrapper.application; includeInIndex = 0; path = Panchi.app; sourceTree = BUILT_PRODUCTS_DIR; };
		5AE7AD252A1E746A00996824 /* PanchiApp.swift */ = {isa = PBXFileReference; lastKnownFileType = sourcecode.swift; path = PanchiApp.swift; sourceTree = "<group>"; };
		5AE7AD272A1E746A00996824 /* RootView.swift */ = {isa = PBXFileReference; lastKnownFileType = sourcecode.swift; path = RootView.swift; sourceTree = "<group>"; };
		5AE7AD292A1E746B00996824 /* Assets.xcassets */ = {isa = PBXFileReference; lastKnownFileType = folder.assetcatalog; path = Assets.xcassets; sourceTree = "<group>"; };
		5AE7AD2C2A1E746B00996824 /* Preview Assets.xcassets */ = {isa = PBXFileReference; lastKnownFileType = folder.assetcatalog; path = "Preview Assets.xcassets"; sourceTree = "<group>"; };
		5AE7AD412A1E8E6C00996824 /* AppDelegate.swift */ = {isa = PBXFileReference; lastKnownFileType = sourcecode.swift; path = AppDelegate.swift; sourceTree = "<group>"; };
		5AE7AD662A1FD37B00996824 /* Panchi.entitlements */ = {isa = PBXFileReference; lastKnownFileType = text.plist.entitlements; path = Panchi.entitlements; sourceTree = "<group>"; };
		5AE7AD672A1FDCE800996824 /* Info.plist */ = {isa = PBXFileReference; lastKnownFileType = text.plist; path = Info.plist; sourceTree = "<group>"; };
		5AE7AD682A1FF75C00996824 /* AuthViewModel.swift */ = {isa = PBXFileReference; lastKnownFileType = sourcecode.swift; path = AuthViewModel.swift; sourceTree = "<group>"; };
		5AE7AD752A1FFAD900996824 /* LexendDeca-Medium.ttf */ = {isa = PBXFileReference; lastKnownFileType = file; name = "LexendDeca-Medium.ttf"; path = "../../../../Downloads/Lexend_Deca/static/LexendDeca-Medium.ttf"; sourceTree = "<group>"; };
		5AE7AD762A1FFAD900996824 /* LexendDeca-Thin.ttf */ = {isa = PBXFileReference; lastKnownFileType = file; name = "LexendDeca-Thin.ttf"; path = "../../../../Downloads/Lexend_Deca/static/LexendDeca-Thin.ttf"; sourceTree = "<group>"; };
		5AE7AD772A1FFAD900996824 /* LexendDeca-ExtraBold.ttf */ = {isa = PBXFileReference; lastKnownFileType = file; name = "LexendDeca-ExtraBold.ttf"; path = "../../../../Downloads/Lexend_Deca/static/LexendDeca-ExtraBold.ttf"; sourceTree = "<group>"; };
		5AE7AD782A1FFAD900996824 /* LexendDeca-ExtraLight.ttf */ = {isa = PBXFileReference; lastKnownFileType = file; name = "LexendDeca-ExtraLight.ttf"; path = "../../../../Downloads/Lexend_Deca/static/LexendDeca-ExtraLight.ttf"; sourceTree = "<group>"; };
		5AE7AD792A1FFAD900996824 /* LexendDeca-SemiBold.ttf */ = {isa = PBXFileReference; lastKnownFileType = file; name = "LexendDeca-SemiBold.ttf"; path = "../../../../Downloads/Lexend_Deca/static/LexendDeca-SemiBold.ttf"; sourceTree = "<group>"; };
		5AE7AD7A2A1FFAD900996824 /* LexendDeca-Light.ttf */ = {isa = PBXFileReference; lastKnownFileType = file; name = "LexendDeca-Light.ttf"; path = "../../../../Downloads/Lexend_Deca/static/LexendDeca-Light.ttf"; sourceTree = "<group>"; };
		5AE7AD7B2A1FFAD900996824 /* LexendDeca-Bold.ttf */ = {isa = PBXFileReference; lastKnownFileType = file; name = "LexendDeca-Bold.ttf"; path = "../../../../Downloads/Lexend_Deca/static/LexendDeca-Bold.ttf"; sourceTree = "<group>"; };
		5AE7AD7C2A1FFAD900996824 /* LexendDeca-Regular.ttf */ = {isa = PBXFileReference; lastKnownFileType = file; name = "LexendDeca-Regular.ttf"; path = "../../../../Downloads/Lexend_Deca/static/LexendDeca-Regular.ttf"; sourceTree = "<group>"; };
		5AE7AD7D2A1FFAD900996824 /* LexendDeca-Black.ttf */ = {isa = PBXFileReference; lastKnownFileType = file; name = "LexendDeca-Black.ttf"; path = "../../../../Downloads/Lexend_Deca/static/LexendDeca-Black.ttf"; sourceTree = "<group>"; };
		5AE7AD882A1FFFED00996824 /* Fonts.swift */ = {isa = PBXFileReference; lastKnownFileType = sourcecode.swift; path = Fonts.swift; sourceTree = "<group>"; };
		5AE8AD072A33891100DE5D1B /* OnboardingButtonStyle.swift */ = {isa = PBXFileReference; lastKnownFileType = sourcecode.swift; path = OnboardingButtonStyle.swift; sourceTree = "<group>"; };
/* End PBXFileReference section */

/* Begin PBXFrameworksBuildPhase section */
		5AE7AD1F2A1E746A00996824 /* Frameworks */ = {
			isa = PBXFrameworksBuildPhase;
			buildActionMask = 2147483647;
			files = (
				5A7F335B2AA7953600019758 /* FirebaseDatabase in Frameworks */,
				5A7F33692AA7953600019758 /* FirebaseFunctionsCombine-Community in Frameworks */,
				5A7F33612AA7953600019758 /* FirebaseFirestore in Frameworks */,
				5A7F334D2AA7953600019758 /* FirebaseAnalyticsSwift in Frameworks */,
				5A7F33492AA7953600019758 /* FirebaseAnalytics in Frameworks */,
				5A7F334B2AA7953600019758 /* FirebaseAnalyticsOnDeviceConversion in Frameworks */,
				5A7F33712AA7953600019758 /* FirebaseMLModelDownloader in Frameworks */,
				5A7F33652AA7953600019758 /* FirebaseFirestoreSwift in Frameworks */,
				5A7F33512AA7953600019758 /* FirebaseAppCheck in Frameworks */,
				5A7F334F2AA7953600019758 /* FirebaseAnalyticsWithoutAdIdSupport in Frameworks */,
				5A7F33552AA7953600019758 /* FirebaseAuth in Frameworks */,
				5A7F33592AA7953600019758 /* FirebaseCrashlytics in Frameworks */,
				5A7F33792AA7953600019758 /* FirebaseRemoteConfigSwift in Frameworks */,
				5A7F336B2AA7953600019758 /* FirebaseInAppMessaging-Beta in Frameworks */,
				5A7F335D2AA7953600019758 /* FirebaseDatabaseSwift in Frameworks */,
				5A7F33672AA7953600019758 /* FirebaseFunctions in Frameworks */,
				5A7F337D2AA7953600019758 /* FirebaseStorageCombine-Community in Frameworks */,
				5A7F33772AA7953600019758 /* FirebaseRemoteConfig in Frameworks */,
				5A7F33532AA7953600019758 /* FirebaseAppDistribution-Beta in Frameworks */,
				5A7F33572AA7953600019758 /* FirebaseAuthCombine-Community in Frameworks */,
				5A7F33752AA7953600019758 /* FirebasePerformance in Frameworks */,
				5A7F336D2AA7953600019758 /* FirebaseInAppMessagingSwift-Beta in Frameworks */,
				5A7F337B2AA7953600019758 /* FirebaseStorage in Frameworks */,
				5A7F335F2AA7953600019758 /* FirebaseDynamicLinks in Frameworks */,
				5A7F33632AA7953600019758 /* FirebaseFirestoreCombine-Community in Frameworks */,
				5A7F33732AA7953600019758 /* FirebaseMessaging in Frameworks */,
				5A7F336F2AA7953600019758 /* FirebaseInstallations in Frameworks */,
			);
			runOnlyForDeploymentPostprocessing = 0;
		};
/* End PBXFrameworksBuildPhase section */

/* Begin PBXGroup section */
		5A62BA732A22BE7F00D196AD /* Onboarding */ = {
			isa = PBXGroup;
			children = (
				5A62BA762A22BED200D196AD /* OnboardingContainerView.swift */,
				5A62BA782A22BF6000D196AD /* WelcomeView.swift */,
				5A62BA7A2A22BF7400D196AD /* PhoneNumberView.swift */,
				5A62BA7C2A22BF8100D196AD /* VerificationView.swift */,
				5A62BA7E2A22BF9000D196AD /* CreateProfileView.swift */,
				5ACDDCEA2A743B7000415F04 /* ImagePicker.swift */,
				5A6708512A8E9E18001337F6 /* ProfileCompletionView.swift */,
			);
			path = Onboarding;
			sourceTree = "<group>";
		};
		5A74004E2AB4EB9B0051F060 /* Chats View */ = {
			isa = PBXGroup;
			children = (
				5A74004F2AB4EBD00051F060 /* ConversationView.swift */,
			);
			path = "Chats View";
			sourceTree = "<group>";
		};
		5A7F338F2AAF8D4300019758 /* Custom Tab Bar */ = {
			isa = PBXGroup;
			children = (
				5A7F33902AAF8D5D00019758 /* CustomTabBar.swift */,
				5A7F33922AAF8DAF00019758 /* TabBarButton.swift */,
			);
			path = "Custom Tab Bar";
			sourceTree = "<group>";
		};
		5ACDDCC32A5EF85800415F04 /* Views */ = {
			isa = PBXGroup;
			children = (
				5AE7AD272A1E746A00996824 /* RootView.swift */,
				5A62BA732A22BE7F00D196AD /* Onboarding */,
				5A74004E2AB4EB9B0051F060 /* Chats View */,
				5A73C7422AA230400046B9CF /* NewUsersView.swift */,
				5A73C7402AA2302D0046B9CF /* ContactsListView.swift */,
				5A73C7442AA2304C0046B9CF /* ProfileView.swift */,
				5A7F338F2AAF8D4300019758 /* Custom Tab Bar */,
			);
			path = Views;
			sourceTree = "<group>";
		};
		5ACDDCC52A5EFE6D00415F04 /* Models */ = {
			isa = PBXGroup;
			children = (
				5ACDDCC62A5EFE9700415F04 /* User.swift */,
			);
			path = Models;
			sourceTree = "<group>";
		};
		5ACDDCC82A5F29FF00415F04 /* Services */ = {
			isa = PBXGroup;
			children = (
				5ACDDCC92A5F2A2000415F04 /* DatabaseService.swift */,
			);
			path = Services;
			sourceTree = "<group>";
		};
		5AE7AD192A1E746A00996824 = {
			isa = PBXGroup;
			children = (
				5AE7AD242A1E746A00996824 /* Panchi */,
				5AE7AD232A1E746A00996824 /* Products */,
			);
			sourceTree = "<group>";
		};
		5AE7AD232A1E746A00996824 /* Products */ = {
			isa = PBXGroup;
			children = (
				5AE7AD222A1E746A00996824 /* Panchi.app */,
			);
			name = Products;
			sourceTree = "<group>";
		};
		5AE7AD242A1E746A00996824 /* Panchi */ = {
			isa = PBXGroup;
			children = (
				5AE7AD662A1FD37B00996824 /* Panchi.entitlements */,
				5A6F52172AA791A400456AC7 /* GoogleService-Info.plist */,
				5AE7AD672A1FDCE800996824 /* Info.plist */,
				5AE7AD412A1E8E6C00996824 /* AppDelegate.swift */,
				5AE7AD252A1E746A00996824 /* PanchiApp.swift */,
				5ACDDCC32A5EF85800415F04 /* Views */,
				5AE7AD6A2A1FF7AD00996824 /* ViewModels */,
				5ACDDCC52A5EFE6D00415F04 /* Models */,
				5ACDDCC82A5F29FF00415F04 /* Services */,
				5AE7AD872A1FFF6A00996824 /* Helpers */,
				5AE7AD6B2A1FF95D00996824 /* Fonts */,
				5AE7AD292A1E746B00996824 /* Assets.xcassets */,
				5AE7AD2B2A1E746B00996824 /* Preview Content */,
			);
			path = Panchi;
			sourceTree = "<group>";
		};
		5AE7AD2B2A1E746B00996824 /* Preview Content */ = {
			isa = PBXGroup;
			children = (
				5AE7AD2C2A1E746B00996824 /* Preview Assets.xcassets */,
			);
			path = "Preview Content";
			sourceTree = "<group>";
		};
		5AE7AD6A2A1FF7AD00996824 /* ViewModels */ = {
			isa = PBXGroup;
			children = (
				5AE7AD682A1FF75C00996824 /* AuthViewModel.swift */,
			);
			path = ViewModels;
			sourceTree = "<group>";
		};
		5AE7AD6B2A1FF95D00996824 /* Fonts */ = {
			isa = PBXGroup;
			children = (
				5AE7AD7D2A1FFAD900996824 /* LexendDeca-Black.ttf */,
				5AE7AD7B2A1FFAD900996824 /* LexendDeca-Bold.ttf */,
				5AE7AD772A1FFAD900996824 /* LexendDeca-ExtraBold.ttf */,
				5AE7AD782A1FFAD900996824 /* LexendDeca-ExtraLight.ttf */,
				5AE7AD7A2A1FFAD900996824 /* LexendDeca-Light.ttf */,
				5AE7AD752A1FFAD900996824 /* LexendDeca-Medium.ttf */,
				5AE7AD7C2A1FFAD900996824 /* LexendDeca-Regular.ttf */,
				5AE7AD792A1FFAD900996824 /* LexendDeca-SemiBold.ttf */,
				5AE7AD762A1FFAD900996824 /* LexendDeca-Thin.ttf */,
			);
			path = Fonts;
			sourceTree = "<group>";
		};
		5AE7AD872A1FFF6A00996824 /* Helpers */ = {
			isa = PBXGroup;
			children = (
				5AE7AD882A1FFFED00996824 /* Fonts.swift */,
				5AE8AD072A33891100DE5D1B /* OnboardingButtonStyle.swift */,
				5ACDDCC12A4C982500415F04 /* CreateProfileTextFieldStyle.swift */,
				5ACDDCCB2A5F2EBB00415F04 /* TextHelper.swift */,
			);
			path = Helpers;
			sourceTree = "<group>";
		};
/* End PBXGroup section */

/* Begin PBXNativeTarget section */
		5AE7AD212A1E746A00996824 /* Panchi */ = {
			isa = PBXNativeTarget;
			buildConfigurationList = 5AE7AD302A1E746B00996824 /* Build configuration list for PBXNativeTarget "Panchi" */;
			buildPhases = (
				5AE7AD1E2A1E746A00996824 /* Sources */,
				5AE7AD1F2A1E746A00996824 /* Frameworks */,
				5AE7AD202A1E746A00996824 /* Resources */,
			);
			buildRules = (
			);
			dependencies = (
			);
			name = Panchi;
			packageProductDependencies = (
				5A7F33482AA7953600019758 /* FirebaseAnalytics */,
				5A7F334A2AA7953600019758 /* FirebaseAnalyticsOnDeviceConversion */,
				5A7F334C2AA7953600019758 /* FirebaseAnalyticsSwift */,
				5A7F334E2AA7953600019758 /* FirebaseAnalyticsWithoutAdIdSupport */,
				5A7F33502AA7953600019758 /* FirebaseAppCheck */,
				5A7F33522AA7953600019758 /* FirebaseAppDistribution-Beta */,
				5A7F33542AA7953600019758 /* FirebaseAuth */,
				5A7F33562AA7953600019758 /* FirebaseAuthCombine-Community */,
				5A7F33582AA7953600019758 /* FirebaseCrashlytics */,
				5A7F335A2AA7953600019758 /* FirebaseDatabase */,
				5A7F335C2AA7953600019758 /* FirebaseDatabaseSwift */,
				5A7F335E2AA7953600019758 /* FirebaseDynamicLinks */,
				5A7F33602AA7953600019758 /* FirebaseFirestore */,
				5A7F33622AA7953600019758 /* FirebaseFirestoreCombine-Community */,
				5A7F33642AA7953600019758 /* FirebaseFirestoreSwift */,
				5A7F33662AA7953600019758 /* FirebaseFunctions */,
				5A7F33682AA7953600019758 /* FirebaseFunctionsCombine-Community */,
				5A7F336A2AA7953600019758 /* FirebaseInAppMessaging-Beta */,
				5A7F336C2AA7953600019758 /* FirebaseInAppMessagingSwift-Beta */,
				5A7F336E2AA7953600019758 /* FirebaseInstallations */,
				5A7F33702AA7953600019758 /* FirebaseMLModelDownloader */,
				5A7F33722AA7953600019758 /* FirebaseMessaging */,
				5A7F33742AA7953600019758 /* FirebasePerformance */,
				5A7F33762AA7953600019758 /* FirebaseRemoteConfig */,
				5A7F33782AA7953600019758 /* FirebaseRemoteConfigSwift */,
				5A7F337A2AA7953600019758 /* FirebaseStorage */,
				5A7F337C2AA7953600019758 /* FirebaseStorageCombine-Community */,
			);
			productName = Panchi;
			productReference = 5AE7AD222A1E746A00996824 /* Panchi.app */;
			productType = "com.apple.product-type.application";
		};
/* End PBXNativeTarget section */

/* Begin PBXProject section */
		5AE7AD1A2A1E746A00996824 /* Project object */ = {
			isa = PBXProject;
			attributes = {
				BuildIndependentTargetsInParallel = 1;
				LastSwiftUpdateCheck = 1430;
				LastUpgradeCheck = 1430;
				TargetAttributes = {
					5AE7AD212A1E746A00996824 = {
						CreatedOnToolsVersion = 14.3;
					};
				};
			};
			buildConfigurationList = 5AE7AD1D2A1E746A00996824 /* Build configuration list for PBXProject "Panchi" */;
			compatibilityVersion = "Xcode 14.0";
			developmentRegion = en;
			hasScannedForEncodings = 0;
			knownRegions = (
				en,
				Base,
			);
			mainGroup = 5AE7AD192A1E746A00996824;
			packageReferences = (
				5A7F33472AA7953600019758 /* XCRemoteSwiftPackageReference "firebase-ios-sdk" */,
			);
			productRefGroup = 5AE7AD232A1E746A00996824 /* Products */;
			projectDirPath = "";
			projectRoot = "";
			targets = (
				5AE7AD212A1E746A00996824 /* Panchi */,
			);
		};
/* End PBXProject section */

/* Begin PBXResourcesBuildPhase section */
		5AE7AD202A1E746A00996824 /* Resources */ = {
			isa = PBXResourcesBuildPhase;
			buildActionMask = 2147483647;
			files = (
				5AE7AD7E2A1FFAD900996824 /* LexendDeca-Medium.ttf in Resources */,
				5AE7AD802A1FFAD900996824 /* LexendDeca-ExtraBold.ttf in Resources */,
				5AE7AD812A1FFAD900996824 /* LexendDeca-ExtraLight.ttf in Resources */,
				5AE7AD852A1FFAD900996824 /* LexendDeca-Regular.ttf in Resources */,
				5AE7AD7F2A1FFAD900996824 /* LexendDeca-Thin.ttf in Resources */,
				5A6F52182AA791A400456AC7 /* GoogleService-Info.plist in Resources */,
				5AE7AD822A1FFAD900996824 /* LexendDeca-SemiBold.ttf in Resources */,
				5AE7AD2D2A1E746B00996824 /* Preview Assets.xcassets in Resources */,
				5AE7AD842A1FFAD900996824 /* LexendDeca-Bold.ttf in Resources */,
				5AE7AD2A2A1E746B00996824 /* Assets.xcassets in Resources */,
				5AE7AD832A1FFAD900996824 /* LexendDeca-Light.ttf in Resources */,
				5AE7AD862A1FFAD900996824 /* LexendDeca-Black.ttf in Resources */,
			);
			runOnlyForDeploymentPostprocessing = 0;
		};
/* End PBXResourcesBuildPhase section */

/* Begin PBXSourcesBuildPhase section */
		5AE7AD1E2A1E746A00996824 /* Sources */ = {
			isa = PBXSourcesBuildPhase;
			buildActionMask = 2147483647;
			files = (
				5A73C7432AA230400046B9CF /* NewUsersView.swift in Sources */,
				5A73C7412AA2302D0046B9CF /* ContactsListView.swift in Sources */,
				5ACDDCC72A5EFE9700415F04 /* User.swift in Sources */,
				5AE7AD692A1FF75C00996824 /* AuthViewModel.swift in Sources */,
				5AE7AD892A1FFFED00996824 /* Fonts.swift in Sources */,
				5AE7AD422A1E8E6C00996824 /* AppDelegate.swift in Sources */,
				5AE7AD282A1E746A00996824 /* RootView.swift in Sources */,
				5A62BA7F2A22BF9000D196AD /* CreateProfileView.swift in Sources */,
				5AE7AD262A1E746A00996824 /* PanchiApp.swift in Sources */,
				5ACDDCCC2A5F2EBB00415F04 /* TextHelper.swift in Sources */,
				5A62BA772A22BED200D196AD /* OnboardingContainerView.swift in Sources */,
				5ACDDCCA2A5F2A2000415F04 /* DatabaseService.swift in Sources */,
				5AE8AD082A33891100DE5D1B /* OnboardingButtonStyle.swift in Sources */,
				5A7F33932AAF8DAF00019758 /* TabBarButton.swift in Sources */,
				5A62BA7D2A22BF8100D196AD /* VerificationView.swift in Sources */,
				5A7400502AB4EBD00051F060 /* ConversationView.swift in Sources */,
				5A6708522A8E9E18001337F6 /* ProfileCompletionView.swift in Sources */,
				5ACDDCC22A4C982500415F04 /* CreateProfileTextFieldStyle.swift in Sources */,
				5A7F33912AAF8D5D00019758 /* CustomTabBar.swift in Sources */,
				5ACDDCEB2A743B7000415F04 /* ImagePicker.swift in Sources */,
				5A62BA7B2A22BF7400D196AD /* PhoneNumberView.swift in Sources */,
				5A73C7452AA2304C0046B9CF /* ProfileView.swift in Sources */,
				5A62BA792A22BF6000D196AD /* WelcomeView.swift in Sources */,
			);
			runOnlyForDeploymentPostprocessing = 0;
		};
/* End PBXSourcesBuildPhase section */

/* Begin XCBuildConfiguration section */
		5AE7AD2E2A1E746B00996824 /* Debug */ = {
			isa = XCBuildConfiguration;
			buildSettings = {
				ALWAYS_SEARCH_USER_PATHS = NO;
				CLANG_ANALYZER_NONNULL = YES;
				CLANG_ANALYZER_NUMBER_OBJECT_CONVERSION = YES_AGGRESSIVE;
				CLANG_CXX_LANGUAGE_STANDARD = "gnu++20";
				CLANG_ENABLE_MODULES = YES;
				CLANG_ENABLE_OBJC_ARC = YES;
				CLANG_ENABLE_OBJC_WEAK = YES;
				CLANG_WARN_BLOCK_CAPTURE_AUTORELEASING = YES;
				CLANG_WARN_BOOL_CONVERSION = YES;
				CLANG_WARN_COMMA = YES;
				CLANG_WARN_CONSTANT_CONVERSION = YES;
				CLANG_WARN_DEPRECATED_OBJC_IMPLEMENTATIONS = YES;
				CLANG_WARN_DIRECT_OBJC_ISA_USAGE = YES_ERROR;
				CLANG_WARN_DOCUMENTATION_COMMENTS = YES;
				CLANG_WARN_EMPTY_BODY = YES;
				CLANG_WARN_ENUM_CONVERSION = YES;
				CLANG_WARN_INFINITE_RECURSION = YES;
				CLANG_WARN_INT_CONVERSION = YES;
				CLANG_WARN_NON_LITERAL_NULL_CONVERSION = YES;
				CLANG_WARN_OBJC_IMPLICIT_RETAIN_SELF = YES;
				CLANG_WARN_OBJC_LITERAL_CONVERSION = YES;
				CLANG_WARN_OBJC_ROOT_CLASS = YES_ERROR;
				CLANG_WARN_QUOTED_INCLUDE_IN_FRAMEWORK_HEADER = YES;
				CLANG_WARN_RANGE_LOOP_ANALYSIS = YES;
				CLANG_WARN_STRICT_PROTOTYPES = YES;
				CLANG_WARN_SUSPICIOUS_MOVE = YES;
				CLANG_WARN_UNGUARDED_AVAILABILITY = YES_AGGRESSIVE;
				CLANG_WARN_UNREACHABLE_CODE = YES;
				CLANG_WARN__DUPLICATE_METHOD_MATCH = YES;
				COPY_PHASE_STRIP = NO;
				DEBUG_INFORMATION_FORMAT = dwarf;
				ENABLE_STRICT_OBJC_MSGSEND = YES;
				ENABLE_TESTABILITY = YES;
				GCC_C_LANGUAGE_STANDARD = gnu11;
				GCC_DYNAMIC_NO_PIC = NO;
				GCC_NO_COMMON_BLOCKS = YES;
				GCC_OPTIMIZATION_LEVEL = 0;
				GCC_PREPROCESSOR_DEFINITIONS = (
					"DEBUG=1",
					"$(inherited)",
				);
				GCC_WARN_64_TO_32_BIT_CONVERSION = YES;
				GCC_WARN_ABOUT_RETURN_TYPE = YES_ERROR;
				GCC_WARN_UNDECLARED_SELECTOR = YES;
				GCC_WARN_UNINITIALIZED_AUTOS = YES_AGGRESSIVE;
				GCC_WARN_UNUSED_FUNCTION = YES;
				GCC_WARN_UNUSED_VARIABLE = YES;
				IPHONEOS_DEPLOYMENT_TARGET = 16.4;
				MTL_ENABLE_DEBUG_INFO = INCLUDE_SOURCE;
				MTL_FAST_MATH = YES;
				ONLY_ACTIVE_ARCH = YES;
				SDKROOT = iphoneos;
				SWIFT_ACTIVE_COMPILATION_CONDITIONS = DEBUG;
				SWIFT_OPTIMIZATION_LEVEL = "-Onone";
			};
			name = Debug;
		};
		5AE7AD2F2A1E746B00996824 /* Release */ = {
			isa = XCBuildConfiguration;
			buildSettings = {
				ALWAYS_SEARCH_USER_PATHS = NO;
				CLANG_ANALYZER_NONNULL = YES;
				CLANG_ANALYZER_NUMBER_OBJECT_CONVERSION = YES_AGGRESSIVE;
				CLANG_CXX_LANGUAGE_STANDARD = "gnu++20";
				CLANG_ENABLE_MODULES = YES;
				CLANG_ENABLE_OBJC_ARC = YES;
				CLANG_ENABLE_OBJC_WEAK = YES;
				CLANG_WARN_BLOCK_CAPTURE_AUTORELEASING = YES;
				CLANG_WARN_BOOL_CONVERSION = YES;
				CLANG_WARN_COMMA = YES;
				CLANG_WARN_CONSTANT_CONVERSION = YES;
				CLANG_WARN_DEPRECATED_OBJC_IMPLEMENTATIONS = YES;
				CLANG_WARN_DIRECT_OBJC_ISA_USAGE = YES_ERROR;
				CLANG_WARN_DOCUMENTATION_COMMENTS = YES;
				CLANG_WARN_EMPTY_BODY = YES;
				CLANG_WARN_ENUM_CONVERSION = YES;
				CLANG_WARN_INFINITE_RECURSION = YES;
				CLANG_WARN_INT_CONVERSION = YES;
				CLANG_WARN_NON_LITERAL_NULL_CONVERSION = YES;
				CLANG_WARN_OBJC_IMPLICIT_RETAIN_SELF = YES;
				CLANG_WARN_OBJC_LITERAL_CONVERSION = YES;
				CLANG_WARN_OBJC_ROOT_CLASS = YES_ERROR;
				CLANG_WARN_QUOTED_INCLUDE_IN_FRAMEWORK_HEADER = YES;
				CLANG_WARN_RANGE_LOOP_ANALYSIS = YES;
				CLANG_WARN_STRICT_PROTOTYPES = YES;
				CLANG_WARN_SUSPICIOUS_MOVE = YES;
				CLANG_WARN_UNGUARDED_AVAILABILITY = YES_AGGRESSIVE;
				CLANG_WARN_UNREACHABLE_CODE = YES;
				CLANG_WARN__DUPLICATE_METHOD_MATCH = YES;
				COPY_PHASE_STRIP = NO;
				DEBUG_INFORMATION_FORMAT = "dwarf-with-dsym";
				ENABLE_NS_ASSERTIONS = NO;
				ENABLE_STRICT_OBJC_MSGSEND = YES;
				GCC_C_LANGUAGE_STANDARD = gnu11;
				GCC_NO_COMMON_BLOCKS = YES;
				GCC_WARN_64_TO_32_BIT_CONVERSION = YES;
				GCC_WARN_ABOUT_RETURN_TYPE = YES_ERROR;
				GCC_WARN_UNDECLARED_SELECTOR = YES;
				GCC_WARN_UNINITIALIZED_AUTOS = YES_AGGRESSIVE;
				GCC_WARN_UNUSED_FUNCTION = YES;
				GCC_WARN_UNUSED_VARIABLE = YES;
				IPHONEOS_DEPLOYMENT_TARGET = 16.4;
				MTL_ENABLE_DEBUG_INFO = NO;
				MTL_FAST_MATH = YES;
				SDKROOT = iphoneos;
				SWIFT_COMPILATION_MODE = wholemodule;
				SWIFT_OPTIMIZATION_LEVEL = "-O";
				VALIDATE_PRODUCT = YES;
			};
			name = Release;
		};
		5AE7AD312A1E746B00996824 /* Debug */ = {
			isa = XCBuildConfiguration;
			buildSettings = {
				ASSETCATALOG_COMPILER_APPICON_NAME = AppIcon;
				ASSETCATALOG_COMPILER_GLOBAL_ACCENT_COLOR_NAME = AccentColor;
				CODE_SIGN_ENTITLEMENTS = Panchi/Panchi.entitlements;
				CODE_SIGN_STYLE = Automatic;
				CURRENT_PROJECT_VERSION = 1;
				DEVELOPMENT_ASSET_PATHS = "\"Panchi/Preview Content\"";
				DEVELOPMENT_TEAM = 3CX8NL8QFA;
				ENABLE_PREVIEWS = YES;
				GENERATE_INFOPLIST_FILE = YES;
				INFOPLIST_FILE = Panchi/Info.plist;
				INFOPLIST_KEY_UIApplicationSceneManifest_Generation = YES;
				INFOPLIST_KEY_UIApplicationSupportsIndirectInputEvents = YES;
				INFOPLIST_KEY_UILaunchScreen_Generation = YES;
				INFOPLIST_KEY_UISupportedInterfaceOrientations_iPad = "UIInterfaceOrientationPortrait UIInterfaceOrientationPortraitUpsideDown UIInterfaceOrientationLandscapeLeft UIInterfaceOrientationLandscapeRight";
				INFOPLIST_KEY_UISupportedInterfaceOrientations_iPhone = "UIInterfaceOrientationPortrait UIInterfaceOrientationLandscapeLeft UIInterfaceOrientationLandscapeRight";
				LD_RUNPATH_SEARCH_PATHS = (
					"$(inherited)",
					"@executable_path/Frameworks",
				);
				MARKETING_VERSION = 1.0;
				PRODUCT_BUNDLE_IDENTIFIER = org.sandy.Panchi;
				PRODUCT_NAME = "$(TARGET_NAME)";
				SWIFT_EMIT_LOC_STRINGS = YES;
				SWIFT_VERSION = 5.0;
				TARGETED_DEVICE_FAMILY = "1,2";
			};
			name = Debug;
		};
		5AE7AD322A1E746B00996824 /* Release */ = {
			isa = XCBuildConfiguration;
			buildSettings = {
				ASSETCATALOG_COMPILER_APPICON_NAME = AppIcon;
				ASSETCATALOG_COMPILER_GLOBAL_ACCENT_COLOR_NAME = AccentColor;
				CODE_SIGN_ENTITLEMENTS = Panchi/Panchi.entitlements;
				CODE_SIGN_STYLE = Automatic;
				CURRENT_PROJECT_VERSION = 1;
				DEVELOPMENT_ASSET_PATHS = "\"Panchi/Preview Content\"";
				DEVELOPMENT_TEAM = 3CX8NL8QFA;
				ENABLE_PREVIEWS = YES;
				GENERATE_INFOPLIST_FILE = YES;
				INFOPLIST_FILE = Panchi/Info.plist;
				INFOPLIST_KEY_UIApplicationSceneManifest_Generation = YES;
				INFOPLIST_KEY_UIApplicationSupportsIndirectInputEvents = YES;
				INFOPLIST_KEY_UILaunchScreen_Generation = YES;
				INFOPLIST_KEY_UISupportedInterfaceOrientations_iPad = "UIInterfaceOrientationPortrait UIInterfaceOrientationPortraitUpsideDown UIInterfaceOrientationLandscapeLeft UIInterfaceOrientationLandscapeRight";
				INFOPLIST_KEY_UISupportedInterfaceOrientations_iPhone = "UIInterfaceOrientationPortrait UIInterfaceOrientationLandscapeLeft UIInterfaceOrientationLandscapeRight";
				LD_RUNPATH_SEARCH_PATHS = (
					"$(inherited)",
					"@executable_path/Frameworks",
				);
				MARKETING_VERSION = 1.0;
				PRODUCT_BUNDLE_IDENTIFIER = org.sandy.Panchi;
				PRODUCT_NAME = "$(TARGET_NAME)";
				SWIFT_EMIT_LOC_STRINGS = YES;
				SWIFT_VERSION = 5.0;
				TARGETED_DEVICE_FAMILY = "1,2";
			};
			name = Release;
		};
/* End XCBuildConfiguration section */

/* Begin XCConfigurationList section */
		5AE7AD1D2A1E746A00996824 /* Build configuration list for PBXProject "Panchi" */ = {
			isa = XCConfigurationList;
			buildConfigurations = (
				5AE7AD2E2A1E746B00996824 /* Debug */,
				5AE7AD2F2A1E746B00996824 /* Release */,
			);
			defaultConfigurationIsVisible = 0;
			defaultConfigurationName = Release;
		};
		5AE7AD302A1E746B00996824 /* Build configuration list for PBXNativeTarget "Panchi" */ = {
			isa = XCConfigurationList;
			buildConfigurations = (
				5AE7AD312A1E746B00996824 /* Debug */,
				5AE7AD322A1E746B00996824 /* Release */,
			);
			defaultConfigurationIsVisible = 0;
			defaultConfigurationName = Release;
		};
/* End XCConfigurationList section */

/* Begin XCRemoteSwiftPackageReference section */
		5A7F33472AA7953600019758 /* XCRemoteSwiftPackageReference "firebase-ios-sdk" */ = {
			isa = XCRemoteSwiftPackageReference;
			repositoryURL = "https://github.com/firebase/firebase-ios-sdk.git";
			requirement = {
				kind = upToNextMajorVersion;
				minimumVersion = 10.10.0;
			};
		};
/* End XCRemoteSwiftPackageReference section */

/* Begin XCSwiftPackageProductDependency section */
		5A7F33482AA7953600019758 /* FirebaseAnalytics */ = {
			isa = XCSwiftPackageProductDependency;
			package = 5A7F33472AA7953600019758 /* XCRemoteSwiftPackageReference "firebase-ios-sdk" */;
			productName = FirebaseAnalytics;
		};
		5A7F334A2AA7953600019758 /* FirebaseAnalyticsOnDeviceConversion */ = {
			isa = XCSwiftPackageProductDependency;
			package = 5A7F33472AA7953600019758 /* XCRemoteSwiftPackageReference "firebase-ios-sdk" */;
			productName = FirebaseAnalyticsOnDeviceConversion;
		};
		5A7F334C2AA7953600019758 /* FirebaseAnalyticsSwift */ = {
			isa = XCSwiftPackageProductDependency;
			package = 5A7F33472AA7953600019758 /* XCRemoteSwiftPackageReference "firebase-ios-sdk" */;
			productName = FirebaseAnalyticsSwift;
		};
		5A7F334E2AA7953600019758 /* FirebaseAnalyticsWithoutAdIdSupport */ = {
			isa = XCSwiftPackageProductDependency;
			package = 5A7F33472AA7953600019758 /* XCRemoteSwiftPackageReference "firebase-ios-sdk" */;
			productName = FirebaseAnalyticsWithoutAdIdSupport;
		};
		5A7F33502AA7953600019758 /* FirebaseAppCheck */ = {
			isa = XCSwiftPackageProductDependency;
			package = 5A7F33472AA7953600019758 /* XCRemoteSwiftPackageReference "firebase-ios-sdk" */;
			productName = FirebaseAppCheck;
		};
		5A7F33522AA7953600019758 /* FirebaseAppDistribution-Beta */ = {
			isa = XCSwiftPackageProductDependency;
			package = 5A7F33472AA7953600019758 /* XCRemoteSwiftPackageReference "firebase-ios-sdk" */;
			productName = "FirebaseAppDistribution-Beta";
		};
		5A7F33542AA7953600019758 /* FirebaseAuth */ = {
			isa = XCSwiftPackageProductDependency;
			package = 5A7F33472AA7953600019758 /* XCRemoteSwiftPackageReference "firebase-ios-sdk" */;
			productName = FirebaseAuth;
		};
		5A7F33562AA7953600019758 /* FirebaseAuthCombine-Community */ = {
			isa = XCSwiftPackageProductDependency;
			package = 5A7F33472AA7953600019758 /* XCRemoteSwiftPackageReference "firebase-ios-sdk" */;
			productName = "FirebaseAuthCombine-Community";
		};
		5A7F33582AA7953600019758 /* FirebaseCrashlytics */ = {
			isa = XCSwiftPackageProductDependency;
			package = 5A7F33472AA7953600019758 /* XCRemoteSwiftPackageReference "firebase-ios-sdk" */;
			productName = FirebaseCrashlytics;
		};
		5A7F335A2AA7953600019758 /* FirebaseDatabase */ = {
			isa = XCSwiftPackageProductDependency;
			package = 5A7F33472AA7953600019758 /* XCRemoteSwiftPackageReference "firebase-ios-sdk" */;
			productName = FirebaseDatabase;
		};
		5A7F335C2AA7953600019758 /* FirebaseDatabaseSwift */ = {
			isa = XCSwiftPackageProductDependency;
			package = 5A7F33472AA7953600019758 /* XCRemoteSwiftPackageReference "firebase-ios-sdk" */;
			productName = FirebaseDatabaseSwift;
		};
		5A7F335E2AA7953600019758 /* FirebaseDynamicLinks */ = {
			isa = XCSwiftPackageProductDependency;
			package = 5A7F33472AA7953600019758 /* XCRemoteSwiftPackageReference "firebase-ios-sdk" */;
			productName = FirebaseDynamicLinks;
		};
		5A7F33602AA7953600019758 /* FirebaseFirestore */ = {
			isa = XCSwiftPackageProductDependency;
			package = 5A7F33472AA7953600019758 /* XCRemoteSwiftPackageReference "firebase-ios-sdk" */;
			productName = FirebaseFirestore;
		};
		5A7F33622AA7953600019758 /* FirebaseFirestoreCombine-Community */ = {
			isa = XCSwiftPackageProductDependency;
			package = 5A7F33472AA7953600019758 /* XCRemoteSwiftPackageReference "firebase-ios-sdk" */;
			productName = "FirebaseFirestoreCombine-Community";
		};
		5A7F33642AA7953600019758 /* FirebaseFirestoreSwift */ = {
			isa = XCSwiftPackageProductDependency;
			package = 5A7F33472AA7953600019758 /* XCRemoteSwiftPackageReference "firebase-ios-sdk" */;
			productName = FirebaseFirestoreSwift;
		};
		5A7F33662AA7953600019758 /* FirebaseFunctions */ = {
			isa = XCSwiftPackageProductDependency;
			package = 5A7F33472AA7953600019758 /* XCRemoteSwiftPackageReference "firebase-ios-sdk" */;
			productName = FirebaseFunctions;
		};
		5A7F33682AA7953600019758 /* FirebaseFunctionsCombine-Community */ = {
			isa = XCSwiftPackageProductDependency;
			package = 5A7F33472AA7953600019758 /* XCRemoteSwiftPackageReference "firebase-ios-sdk" */;
			productName = "FirebaseFunctionsCombine-Community";
		};
		5A7F336A2AA7953600019758 /* FirebaseInAppMessaging-Beta */ = {
			isa = XCSwiftPackageProductDependency;
			package = 5A7F33472AA7953600019758 /* XCRemoteSwiftPackageReference "firebase-ios-sdk" */;
			productName = "FirebaseInAppMessaging-Beta";
		};
		5A7F336C2AA7953600019758 /* FirebaseInAppMessagingSwift-Beta */ = {
			isa = XCSwiftPackageProductDependency;
			package = 5A7F33472AA7953600019758 /* XCRemoteSwiftPackageReference "firebase-ios-sdk" */;
			productName = "FirebaseInAppMessagingSwift-Beta";
		};
		5A7F336E2AA7953600019758 /* FirebaseInstallations */ = {
			isa = XCSwiftPackageProductDependency;
			package = 5A7F33472AA7953600019758 /* XCRemoteSwiftPackageReference "firebase-ios-sdk" */;
			productName = FirebaseInstallations;
		};
		5A7F33702AA7953600019758 /* FirebaseMLModelDownloader */ = {
			isa = XCSwiftPackageProductDependency;
			package = 5A7F33472AA7953600019758 /* XCRemoteSwiftPackageReference "firebase-ios-sdk" */;
			productName = FirebaseMLModelDownloader;
		};
		5A7F33722AA7953600019758 /* FirebaseMessaging */ = {
			isa = XCSwiftPackageProductDependency;
			package = 5A7F33472AA7953600019758 /* XCRemoteSwiftPackageReference "firebase-ios-sdk" */;
			productName = FirebaseMessaging;
		};
		5A7F33742AA7953600019758 /* FirebasePerformance */ = {
			isa = XCSwiftPackageProductDependency;
			package = 5A7F33472AA7953600019758 /* XCRemoteSwiftPackageReference "firebase-ios-sdk" */;
			productName = FirebasePerformance;
		};
		5A7F33762AA7953600019758 /* FirebaseRemoteConfig */ = {
			isa = XCSwiftPackageProductDependency;
			package = 5A7F33472AA7953600019758 /* XCRemoteSwiftPackageReference "firebase-ios-sdk" */;
			productName = FirebaseRemoteConfig;
		};
		5A7F33782AA7953600019758 /* FirebaseRemoteConfigSwift */ = {
			isa = XCSwiftPackageProductDependency;
			package = 5A7F33472AA7953600019758 /* XCRemoteSwiftPackageReference "firebase-ios-sdk" */;
			productName = FirebaseRemoteConfigSwift;
		};
		5A7F337A2AA7953600019758 /* FirebaseStorage */ = {
			isa = XCSwiftPackageProductDependency;
			package = 5A7F33472AA7953600019758 /* XCRemoteSwiftPackageReference "firebase-ios-sdk" */;
			productName = FirebaseStorage;
		};
		5A7F337C2AA7953600019758 /* FirebaseStorageCombine-Community */ = {
			isa = XCSwiftPackageProductDependency;
			package = 5A7F33472AA7953600019758 /* XCRemoteSwiftPackageReference "firebase-ios-sdk" */;
			productName = "FirebaseStorageCombine-Community";
		};
/* End XCSwiftPackageProductDependency section */
	};
	rootObject = 5AE7AD1A2A1E746A00996824 /* Project object */;
}
