// !$*UTF8*$!
{
	archiveVersion = 1;
	classes = {
	};
	objectVersion = 56;
	objects = {

/* Begin PBXBuildFile section */
		5A62BA772A22BED200D196AD /* OnboardingContainerView.swift in Sources */ = {isa = PBXBuildFile; fileRef = 5A62BA762A22BED200D196AD /* OnboardingContainerView.swift */; };
		5A62BA792A22BF6000D196AD /* WelcomeView.swift in Sources */ = {isa = PBXBuildFile; fileRef = 5A62BA782A22BF6000D196AD /* WelcomeView.swift */; };
		5A62BA7B2A22BF7400D196AD /* PhoneNumberView.swift in Sources */ = {isa = PBXBuildFile; fileRef = 5A62BA7A2A22BF7400D196AD /* PhoneNumberView.swift */; };
		5A62BA7D2A22BF8100D196AD /* VerificationView.swift in Sources */ = {isa = PBXBuildFile; fileRef = 5A62BA7C2A22BF8100D196AD /* VerificationView.swift */; };
		5A62BA7F2A22BF9000D196AD /* CreateProfileView.swift in Sources */ = {isa = PBXBuildFile; fileRef = 5A62BA7E2A22BF9000D196AD /* CreateProfileView.swift */; };
		5ACDDCC22A4C982500415F04 /* CreateProfileTextFieldStyle.swift in Sources */ = {isa = PBXBuildFile; fileRef = 5ACDDCC12A4C982500415F04 /* CreateProfileTextFieldStyle.swift */; };
		5ACDDCC72A5EFE9700415F04 /* User.swift in Sources */ = {isa = PBXBuildFile; fileRef = 5ACDDCC62A5EFE9700415F04 /* User.swift */; };
		5ACDDCCA2A5F2A2000415F04 /* DatabaseService.swift in Sources */ = {isa = PBXBuildFile; fileRef = 5ACDDCC92A5F2A2000415F04 /* DatabaseService.swift */; };
		5ACDDCCC2A5F2EBB00415F04 /* TextHelper.swift in Sources */ = {isa = PBXBuildFile; fileRef = 5ACDDCCB2A5F2EBB00415F04 /* TextHelper.swift */; };
		5ACDDCEB2A743B7000415F04 /* ImagePicker.swift in Sources */ = {isa = PBXBuildFile; fileRef = 5ACDDCEA2A743B7000415F04 /* ImagePicker.swift */; };
		5AE7AD262A1E746A00996824 /* PanchiApp.swift in Sources */ = {isa = PBXBuildFile; fileRef = 5AE7AD252A1E746A00996824 /* PanchiApp.swift */; };
		5AE7AD282A1E746A00996824 /* RootView.swift in Sources */ = {isa = PBXBuildFile; fileRef = 5AE7AD272A1E746A00996824 /* RootView.swift */; };
		5AE7AD2A2A1E746B00996824 /* Assets.xcassets in Resources */ = {isa = PBXBuildFile; fileRef = 5AE7AD292A1E746B00996824 /* Assets.xcassets */; };
		5AE7AD2D2A1E746B00996824 /* Preview Assets.xcassets in Resources */ = {isa = PBXBuildFile; fileRef = 5AE7AD2C2A1E746B00996824 /* Preview Assets.xcassets */; };
		5AE7AD372A1E8CF200996824 /* GoogleService-Info.plist in Resources */ = {isa = PBXBuildFile; fileRef = 5AE7AD362A1E8CF200996824 /* GoogleService-Info.plist */; };
		5AE7AD422A1E8E6C00996824 /* AppDelegate.swift in Sources */ = {isa = PBXBuildFile; fileRef = 5AE7AD412A1E8E6C00996824 /* AppDelegate.swift */; };
		5AE7AD5F2A1FD15D00996824 /* FirebaseAuth in Frameworks */ = {isa = PBXBuildFile; productRef = 5AE7AD5E2A1FD15D00996824 /* FirebaseAuth */; };
		5AE7AD612A1FD15D00996824 /* FirebaseFirestore in Frameworks */ = {isa = PBXBuildFile; productRef = 5AE7AD602A1FD15D00996824 /* FirebaseFirestore */; };
		5AE7AD632A1FD15D00996824 /* FirebaseFirestoreSwift in Frameworks */ = {isa = PBXBuildFile; productRef = 5AE7AD622A1FD15D00996824 /* FirebaseFirestoreSwift */; };
		5AE7AD652A1FD15D00996824 /* FirebaseStorage in Frameworks */ = {isa = PBXBuildFile; productRef = 5AE7AD642A1FD15D00996824 /* FirebaseStorage */; };
		5AE7AD692A1FF75C00996824 /* AuthViewModel.swift in Sources */ = {isa = PBXBuildFile; fileRef = 5AE7AD682A1FF75C00996824 /* AuthViewModel.swift */; };
		5AE7AD7E2A1FFAD900996824 /* LexendDeca-Medium.ttf in Resources */ = {isa = PBXBuildFile; fileRef = 5AE7AD752A1FFAD900996824 /* LexendDeca-Medium.ttf */; };
		5AE7AD7F2A1FFAD900996824 /* LexendDeca-Thin.ttf in Resources */ = {isa = PBXBuildFile; fileRef = 5AE7AD762A1FFAD900996824 /* LexendDeca-Thin.ttf */; };
		5AE7AD802A1FFAD900996824 /* LexendDeca-ExtraBold.ttf in Resources */ = {isa = PBXBuildFile; fileRef = 5AE7AD772A1FFAD900996824 /* LexendDeca-ExtraBold.ttf */; };
		5AE7AD812A1FFAD900996824 /* LexendDeca-ExtraLight.ttf in Resources */ = {isa = PBXBuildFile; fileRef = 5AE7AD782A1FFAD900996824 /* LexendDeca-ExtraLight.ttf */; };
		5AE7AD822A1FFAD900996824 /* LexendDeca-SemiBold.ttf in Resources */ = {isa = PBXBuildFile; fileRef = 5AE7AD792A1FFAD900996824 /* LexendDeca-SemiBold.ttf */; };
		5AE7AD832A1FFAD900996824 /* LexendDeca-Light.ttf in Resources */ = {isa = PBXBuildFile; fileRef = 5AE7AD7A2A1FFAD900996824 /* LexendDeca-Light.ttf */; };
		5AE7AD842A1FFAD900996824 /* LexendDeca-Bold.ttf in Resources */ = {isa = PBXBuildFile; fileRef = 5AE7AD7B2A1FFAD900996824 /* LexendDeca-Bold.ttf */; };
		5AE7AD852A1FFAD900996824 /* LexendDeca-Regular.ttf in Resources */ = {isa = PBXBuildFile; fileRef = 5AE7AD7C2A1FFAD900996824 /* LexendDeca-Regular.ttf */; };
		5AE7AD862A1FFAD900996824 /* LexendDeca-Black.ttf in Resources */ = {isa = PBXBuildFile; fileRef = 5AE7AD7D2A1FFAD900996824 /* LexendDeca-Black.ttf */; };
		5AE7AD892A1FFFED00996824 /* Fonts.swift in Sources */ = {isa = PBXBuildFile; fileRef = 5AE7AD882A1FFFED00996824 /* Fonts.swift */; };
		5AE8AD082A33891100DE5D1B /* OnboardingButtonStyle.swift in Sources */ = {isa = PBXBuildFile; fileRef = 5AE8AD072A33891100DE5D1B /* OnboardingButtonStyle.swift */; };
/* End PBXBuildFile section */

/* Begin PBXFileReference section */
		5A62BA762A22BED200D196AD /* OnboardingContainerView.swift */ = {isa = PBXFileReference; lastKnownFileType = sourcecode.swift; path = OnboardingContainerView.swift; sourceTree = "<group>"; };
		5A62BA782A22BF6000D196AD /* WelcomeView.swift */ = {isa = PBXFileReference; lastKnownFileType = sourcecode.swift; path = WelcomeView.swift; sourceTree = "<group>"; };
		5A62BA7A2A22BF7400D196AD /* PhoneNumberView.swift */ = {isa = PBXFileReference; lastKnownFileType = sourcecode.swift; path = PhoneNumberView.swift; sourceTree = "<group>"; };
		5A62BA7C2A22BF8100D196AD /* VerificationView.swift */ = {isa = PBXFileReference; lastKnownFileType = sourcecode.swift; path = VerificationView.swift; sourceTree = "<group>"; };
		5A62BA7E2A22BF9000D196AD /* CreateProfileView.swift */ = {isa = PBXFileReference; lastKnownFileType = sourcecode.swift; path = CreateProfileView.swift; sourceTree = "<group>"; };
		5ACDDCC12A4C982500415F04 /* CreateProfileTextFieldStyle.swift */ = {isa = PBXFileReference; lastKnownFileType = sourcecode.swift; path = CreateProfileTextFieldStyle.swift; sourceTree = "<group>"; };
		5ACDDCC62A5EFE9700415F04 /* User.swift */ = {isa = PBXFileReference; lastKnownFileType = sourcecode.swift; path = User.swift; sourceTree = "<group>"; };
		5ACDDCC92A5F2A2000415F04 /* DatabaseService.swift */ = {isa = PBXFileReference; lastKnownFileType = sourcecode.swift; path = DatabaseService.swift; sourceTree = "<group>"; };
		5ACDDCCB2A5F2EBB00415F04 /* TextHelper.swift */ = {isa = PBXFileReference; lastKnownFileType = sourcecode.swift; path = TextHelper.swift; sourceTree = "<group>"; };
		5ACDDCEA2A743B7000415F04 /* ImagePicker.swift */ = {isa = PBXFileReference; lastKnownFileType = sourcecode.swift; path = ImagePicker.swift; sourceTree = "<group>"; };
		5AE7AD222A1E746A00996824 /* Panchi.app */ = {isa = PBXFileReference; explicitFileType = wrapper.application; includeInIndex = 0; path = Panchi.app; sourceTree = BUILT_PRODUCTS_DIR; };
		5AE7AD252A1E746A00996824 /* PanchiApp.swift */ = {isa = PBXFileReference; lastKnownFileType = sourcecode.swift; path = PanchiApp.swift; sourceTree = "<group>"; };
		5AE7AD272A1E746A00996824 /* RootView.swift */ = {isa = PBXFileReference; lastKnownFileType = sourcecode.swift; path = RootView.swift; sourceTree = "<group>"; };
		5AE7AD292A1E746B00996824 /* Assets.xcassets */ = {isa = PBXFileReference; lastKnownFileType = folder.assetcatalog; path = Assets.xcassets; sourceTree = "<group>"; };
		5AE7AD2C2A1E746B00996824 /* Preview Assets.xcassets */ = {isa = PBXFileReference; lastKnownFileType = folder.assetcatalog; path = "Preview Assets.xcassets"; sourceTree = "<group>"; };
		5AE7AD362A1E8CF200996824 /* GoogleService-Info.plist */ = {isa = PBXFileReference; fileEncoding = 4; lastKnownFileType = text.plist.xml; name = "GoogleService-Info.plist"; path = "../../../.Trash/GoogleService-Info.plist"; sourceTree = "<group>"; };
		5AE7AD412A1E8E6C00996824 /* AppDelegate.swift */ = {isa = PBXFileReference; lastKnownFileType = sourcecode.swift; path = AppDelegate.swift; sourceTree = "<group>"; };
		5AE7AD662A1FD37B00996824 /* Panchi.entitlements */ = {isa = PBXFileReference; lastKnownFileType = text.plist.entitlements; path = Panchi.entitlements; sourceTree = "<group>"; };
		5AE7AD672A1FDCE800996824 /* Info.plist */ = {isa = PBXFileReference; lastKnownFileType = text.plist; path = Info.plist; sourceTree = "<group>"; };
		5AE7AD682A1FF75C00996824 /* AuthViewModel.swift */ = {isa = PBXFileReference; lastKnownFileType = sourcecode.swift; path = AuthViewModel.swift; sourceTree = "<group>"; };
		5AE7AD752A1FFAD900996824 /* LexendDeca-Medium.ttf */ = {isa = PBXFileReference; lastKnownFileType = file; name = "LexendDeca-Medium.ttf"; path = "../../../../Downloads/Lexend_Deca/static/LexendDeca-Medium.ttf"; sourceTree = "<group>"; };
		5AE7AD762A1FFAD900996824 /* LexendDeca-Thin.ttf */ = {isa = PBXFileReference; lastKnownFileType = file; name = "LexendDeca-Thin.ttf"; path = "../../../../Downloads/Lexend_Deca/static/LexendDeca-Thin.ttf"; sourceTree = "<group>"; };
		5AE7AD772A1FFAD900996824 /* LexendDeca-ExtraBold.ttf */ = {isa = PBXFileReference; lastKnownFileType = file; name = "LexendDeca-ExtraBold.ttf"; path = "../../../../Downloads/Lexend_Deca/static/LexendDeca-ExtraBold.ttf"; sourceTree = "<group>"; };
		5AE7AD782A1FFAD900996824 /* LexendDeca-ExtraLight.ttf */ = {isa = PBXFileReference; lastKnownFileType = file; name = "LexendDeca-ExtraLight.ttf"; path = "../../../../Downloads/Lexend_Deca/static/LexendDeca-ExtraLight.ttf"; sourceTree = "<group>"; };
		5AE7AD792A1FFAD900996824 /* LexendDeca-SemiBold.ttf */ = {isa = PBXFileReference; lastKnownFileType = file; name = "LexendDeca-SemiBold.ttf"; path = "../../../../Downloads/Lexend_Deca/static/LexendDeca-SemiBold.ttf"; sourceTree = "<group>"; };
		5AE7AD7A2A1FFAD900996824 /* LexendDeca-Light.ttf */ = {isa = PBXFileReference; lastKnownFileType = file; name = "LexendDeca-Light.ttf"; path = "../../../../Downloads/Lexend_Deca/static/LexendDeca-Light.ttf"; sourceTree = "<group>"; };
		5AE7AD7B2A1FFAD900996824 /* LexendDeca-Bold.ttf */ = {isa = PBXFileReference; lastKnownFileType = file; name = "LexendDeca-Bold.ttf"; path = "../../../../Downloads/Lexend_Deca/static/LexendDeca-Bold.ttf"; sourceTree = "<group>"; };
		5AE7AD7C2A1FFAD900996824 /* LexendDeca-Regular.ttf */ = {isa = PBXFileReference; lastKnownFileType = file; name = "LexendDeca-Regular.ttf"; path = "../../../../Downloads/Lexend_Deca/static/LexendDeca-Regular.ttf"; sourceTree = "<group>"; };
		5AE7AD7D2A1FFAD900996824 /* LexendDeca-Black.ttf */ = {isa = PBXFileReference; lastKnownFileType = file; name = "LexendDeca-Black.ttf"; path = "../../../../Downloads/Lexend_Deca/static/LexendDeca-Black.ttf"; sourceTree = "<group>"; };
		5AE7AD882A1FFFED00996824 /* Fonts.swift */ = {isa = PBXFileReference; lastKnownFileType = sourcecode.swift; path = Fonts.swift; sourceTree = "<group>"; };
		5AE8AD072A33891100DE5D1B /* OnboardingButtonStyle.swift */ = {isa = PBXFileReference; lastKnownFileType = sourcecode.swift; path = OnboardingButtonStyle.swift; sourceTree = "<group>"; };
/* End PBXFileReference section */

/* Begin PBXFrameworksBuildPhase section */
		5AE7AD1F2A1E746A00996824 /* Frameworks */ = {
			isa = PBXFrameworksBuildPhase;
			buildActionMask = 2147483647;
			files = (
				5AE7AD5F2A1FD15D00996824 /* FirebaseAuth in Frameworks */,
				5AE7AD652A1FD15D00996824 /* FirebaseStorage in Frameworks */,
				5AE7AD612A1FD15D00996824 /* FirebaseFirestore in Frameworks */,
				5AE7AD632A1FD15D00996824 /* FirebaseFirestoreSwift in Frameworks */,
			);
			runOnlyForDeploymentPostprocessing = 0;
		};
/* End PBXFrameworksBuildPhase section */

/* Begin PBXGroup section */
		5A62BA732A22BE7F00D196AD /* Onboarding */ = {
			isa = PBXGroup;
			children = (
				5A62BA762A22BED200D196AD /* OnboardingContainerView.swift */,
				5A62BA782A22BF6000D196AD /* WelcomeView.swift */,
				5A62BA7A2A22BF7400D196AD /* PhoneNumberView.swift */,
				5A62BA7C2A22BF8100D196AD /* VerificationView.swift */,
				5A62BA7E2A22BF9000D196AD /* CreateProfileView.swift */,
				5ACDDCEA2A743B7000415F04 /* ImagePicker.swift */,
			);
			path = Onboarding;
			sourceTree = "<group>";
		};
		5ACDDCC32A5EF85800415F04 /* Views */ = {
			isa = PBXGroup;
			children = (
				5A62BA732A22BE7F00D196AD /* Onboarding */,
			);
			path = Views;
			sourceTree = "<group>";
		};
		5ACDDCC52A5EFE6D00415F04 /* Models */ = {
			isa = PBXGroup;
			children = (
				5ACDDCC62A5EFE9700415F04 /* User.swift */,
			);
			path = Models;
			sourceTree = "<group>";
		};
		5ACDDCC82A5F29FF00415F04 /* Services */ = {
			isa = PBXGroup;
			children = (
				5ACDDCC92A5F2A2000415F04 /* DatabaseService.swift */,
			);
			path = Services;
			sourceTree = "<group>";
		};
		5AE7AD192A1E746A00996824 = {
			isa = PBXGroup;
			children = (
				5AE7AD242A1E746A00996824 /* Panchi */,
				5AE7AD232A1E746A00996824 /* Products */,
			);
			sourceTree = "<group>";
		};
		5AE7AD232A1E746A00996824 /* Products */ = {
			isa = PBXGroup;
			children = (
				5AE7AD222A1E746A00996824 /* Panchi.app */,
			);
			name = Products;
			sourceTree = "<group>";
		};
		5AE7AD242A1E746A00996824 /* Panchi */ = {
			isa = PBXGroup;
			children = (
				5ACDDCC82A5F29FF00415F04 /* Services */,
				5ACDDCC52A5EFE6D00415F04 /* Models */,
				5AE7AD662A1FD37B00996824 /* Panchi.entitlements */,
				5AE7AD672A1FDCE800996824 /* Info.plist */,
				5AE7AD252A1E746A00996824 /* PanchiApp.swift */,
				5AE7AD412A1E8E6C00996824 /* AppDelegate.swift */,
				5AE7AD272A1E746A00996824 /* RootView.swift */,
				5ACDDCC32A5EF85800415F04 /* Views */,
				5AE7AD6A2A1FF7AD00996824 /* ViewModels */,
				5AE7AD872A1FFF6A00996824 /* Helpers */,
				5AE7AD6B2A1FF95D00996824 /* Fonts */,
				5AE7AD292A1E746B00996824 /* Assets.xcassets */,
				5AE7AD362A1E8CF200996824 /* GoogleService-Info.plist */,
				5AE7AD2B2A1E746B00996824 /* Preview Content */,
			);
			path = Panchi;
			sourceTree = "<group>";
		};
		5AE7AD2B2A1E746B00996824 /* Preview Content */ = {
			isa = PBXGroup;
			children = (
				5AE7AD2C2A1E746B00996824 /* Preview Assets.xcassets */,
			);
			path = "Preview Content";
			sourceTree = "<group>";
		};
		5AE7AD6A2A1FF7AD00996824 /* ViewModels */ = {
			isa = PBXGroup;
			children = (
				5AE7AD682A1FF75C00996824 /* AuthViewModel.swift */,
			);
			path = ViewModels;
			sourceTree = "<group>";
		};
		5AE7AD6B2A1FF95D00996824 /* Fonts */ = {
			isa = PBXGroup;
			children = (
				5AE7AD7D2A1FFAD900996824 /* LexendDeca-Black.ttf */,
				5AE7AD7B2A1FFAD900996824 /* LexendDeca-Bold.ttf */,
				5AE7AD772A1FFAD900996824 /* LexendDeca-ExtraBold.ttf */,
				5AE7AD782A1FFAD900996824 /* LexendDeca-ExtraLight.ttf */,
				5AE7AD7A2A1FFAD900996824 /* LexendDeca-Light.ttf */,
				5AE7AD752A1FFAD900996824 /* LexendDeca-Medium.ttf */,
				5AE7AD7C2A1FFAD900996824 /* LexendDeca-Regular.ttf */,
				5AE7AD792A1FFAD900996824 /* LexendDeca-SemiBold.ttf */,
				5AE7AD762A1FFAD900996824 /* LexendDeca-Thin.ttf */,
			);
			path = Fonts;
			sourceTree = "<group>";
		};
		5AE7AD872A1FFF6A00996824 /* Helpers */ = {
			isa = PBXGroup;
			children = (
				5AE7AD882A1FFFED00996824 /* Fonts.swift */,
				5AE8AD072A33891100DE5D1B /* OnboardingButtonStyle.swift */,
				5ACDDCC12A4C982500415F04 /* CreateProfileTextFieldStyle.swift */,
				5ACDDCCB2A5F2EBB00415F04 /* TextHelper.swift */,
			);
			path = Helpers;
			sourceTree = "<group>";
		};
/* End PBXGroup section */

/* Begin PBXNativeTarget section */
		5AE7AD212A1E746A00996824 /* Panchi */ = {
			isa = PBXNativeTarget;
			buildConfigurationList = 5AE7AD302A1E746B00996824 /* Build configuration list for PBXNativeTarget "Panchi" */;
			buildPhases = (
				5AE7AD1E2A1E746A00996824 /* Sources */,
				5AE7AD1F2A1E746A00996824 /* Frameworks */,
				5AE7AD202A1E746A00996824 /* Resources */,
			);
			buildRules = (
			);
			dependencies = (
			);
			name = Panchi;
			packageProductDependencies = (
				5AE7AD5E2A1FD15D00996824 /* FirebaseAuth */,
				5AE7AD602A1FD15D00996824 /* FirebaseFirestore */,
				5AE7AD622A1FD15D00996824 /* FirebaseFirestoreSwift */,
				5AE7AD642A1FD15D00996824 /* FirebaseStorage */,
			);
			productName = Panchi;
			productReference = 5AE7AD222A1E746A00996824 /* Panchi.app */;
			productType = "com.apple.product-type.application";
		};
/* End PBXNativeTarget section */

/* Begin PBXProject section */
		5AE7AD1A2A1E746A00996824 /* Project object */ = {
			isa = PBXProject;
			attributes = {
				BuildIndependentTargetsInParallel = 1;
				LastSwiftUpdateCheck = 1430;
				LastUpgradeCheck = 1430;
				TargetAttributes = {
					5AE7AD212A1E746A00996824 = {
						CreatedOnToolsVersion = 14.3;
					};
				};
			};
			buildConfigurationList = 5AE7AD1D2A1E746A00996824 /* Build configuration list for PBXProject "Panchi" */;
			compatibilityVersion = "Xcode 14.0";
			developmentRegion = en;
			hasScannedForEncodings = 0;
			knownRegions = (
				en,
				Base,
			);
			mainGroup = 5AE7AD192A1E746A00996824;
			packageReferences = (
				5AE7AD5D2A1FD15D00996824 /* XCRemoteSwiftPackageReference "firebase-ios-sdk" */,
			);
			productRefGroup = 5AE7AD232A1E746A00996824 /* Products */;
			projectDirPath = "";
			projectRoot = "";
			targets = (
				5AE7AD212A1E746A00996824 /* Panchi */,
			);
		};
/* End PBXProject section */

/* Begin PBXResourcesBuildPhase section */
		5AE7AD202A1E746A00996824 /* Resources */ = {
			isa = PBXResourcesBuildPhase;
			buildActionMask = 2147483647;
			files = (
				5AE7AD7E2A1FFAD900996824 /* LexendDeca-Medium.ttf in Resources */,
				5AE7AD802A1FFAD900996824 /* LexendDeca-ExtraBold.ttf in Resources */,
				5AE7AD812A1FFAD900996824 /* LexendDeca-ExtraLight.ttf in Resources */,
				5AE7AD852A1FFAD900996824 /* LexendDeca-Regular.ttf in Resources */,
				5AE7AD7F2A1FFAD900996824 /* LexendDeca-Thin.ttf in Resources */,
				5AE7AD822A1FFAD900996824 /* LexendDeca-SemiBold.ttf in Resources */,
				5AE7AD2D2A1E746B00996824 /* Preview Assets.xcassets in Resources */,
				5AE7AD842A1FFAD900996824 /* LexendDeca-Bold.ttf in Resources */,
				5AE7AD372A1E8CF200996824 /* GoogleService-Info.plist in Resources */,
				5AE7AD2A2A1E746B00996824 /* Assets.xcassets in Resources */,
				5AE7AD832A1FFAD900996824 /* LexendDeca-Light.ttf in Resources */,
				5AE7AD862A1FFAD900996824 /* LexendDeca-Black.ttf in Resources */,
			);
			runOnlyForDeploymentPostprocessing = 0;
		};
/* End PBXResourcesBuildPhase section */

/* Begin PBXSourcesBuildPhase section */
		5AE7AD1E2A1E746A00996824 /* Sources */ = {
			isa = PBXSourcesBuildPhase;
			buildActionMask = 2147483647;
			files = (
				5ACDDCC72A5EFE9700415F04 /* User.swift in Sources */,
				5AE7AD692A1FF75C00996824 /* AuthViewModel.swift in Sources */,
				5AE7AD892A1FFFED00996824 /* Fonts.swift in Sources */,
				5AE7AD422A1E8E6C00996824 /* AppDelegate.swift in Sources */,
				5AE7AD282A1E746A00996824 /* RootView.swift in Sources */,
				5A62BA7F2A22BF9000D196AD /* CreateProfileView.swift in Sources */,
				5AE7AD262A1E746A00996824 /* PanchiApp.swift in Sources */,
				5ACDDCCC2A5F2EBB00415F04 /* TextHelper.swift in Sources */,
				5A62BA772A22BED200D196AD /* OnboardingContainerView.swift in Sources */,
				5ACDDCCA2A5F2A2000415F04 /* DatabaseService.swift in Sources */,
				5AE8AD082A33891100DE5D1B /* OnboardingButtonStyle.swift in Sources */,
				5A62BA7D2A22BF8100D196AD /* VerificationView.swift in Sources */,
				5ACDDCC22A4C982500415F04 /* CreateProfileTextFieldStyle.swift in Sources */,
				5ACDDCEB2A743B7000415F04 /* ImagePicker.swift in Sources */,
				5A62BA7B2A22BF7400D196AD /* PhoneNumberView.swift in Sources */,
				5A62BA792A22BF6000D196AD /* WelcomeView.swift in Sources */,
			);
			runOnlyForDeploymentPostprocessing = 0;
		};
/* End PBXSourcesBuildPhase section */

/* Begin XCBuildConfiguration section */
		5AE7AD2E2A1E746B00996824 /* Debug */ = {
			isa = XCBuildConfiguration;
			buildSettings = {
				ALWAYS_SEARCH_USER_PATHS = NO;
				CLANG_ANALYZER_NONNULL = YES;
				CLANG_ANALYZER_NUMBER_OBJECT_CONVERSION = YES_AGGRESSIVE;
				CLANG_CXX_LANGUAGE_STANDARD = "gnu++20";
				CLANG_ENABLE_MODULES = YES;
				CLANG_ENABLE_OBJC_ARC = YES;
				CLANG_ENABLE_OBJC_WEAK = YES;
				CLANG_WARN_BLOCK_CAPTURE_AUTORELEASING = YES;
				CLANG_WARN_BOOL_CONVERSION = YES;
				CLANG_WARN_COMMA = YES;
				CLANG_WARN_CONSTANT_CONVERSION = YES;
				CLANG_WARN_DEPRECATED_OBJC_IMPLEMENTATIONS = YES;
				CLANG_WARN_DIRECT_OBJC_ISA_USAGE = YES_ERROR;
				CLANG_WARN_DOCUMENTATION_COMMENTS = YES;
				CLANG_WARN_EMPTY_BODY = YES;
				CLANG_WARN_ENUM_CONVERSION = YES;
				CLANG_WARN_INFINITE_RECURSION = YES;
				CLANG_WARN_INT_CONVERSION = YES;
				CLANG_WARN_NON_LITERAL_NULL_CONVERSION = YES;
				CLANG_WARN_OBJC_IMPLICIT_RETAIN_SELF = YES;
				CLANG_WARN_OBJC_LITERAL_CONVERSION = YES;
				CLANG_WARN_OBJC_ROOT_CLASS = YES_ERROR;
				CLANG_WARN_QUOTED_INCLUDE_IN_FRAMEWORK_HEADER = YES;
				CLANG_WARN_RANGE_LOOP_ANALYSIS = YES;
				CLANG_WARN_STRICT_PROTOTYPES = YES;
				CLANG_WARN_SUSPICIOUS_MOVE = YES;
				CLANG_WARN_UNGUARDED_AVAILABILITY = YES_AGGRESSIVE;
				CLANG_WARN_UNREACHABLE_CODE = YES;
				CLANG_WARN__DUPLICATE_METHOD_MATCH = YES;
				COPY_PHASE_STRIP = NO;
				DEBUG_INFORMATION_FORMAT = dwarf;
				ENABLE_STRICT_OBJC_MSGSEND = YES;
				ENABLE_TESTABILITY = YES;
				GCC_C_LANGUAGE_STANDARD = gnu11;
				GCC_DYNAMIC_NO_PIC = NO;
				GCC_NO_COMMON_BLOCKS = YES;
				GCC_OPTIMIZATION_LEVEL = 0;
				GCC_PREPROCESSOR_DEFINITIONS = (
					"DEBUG=1",
					"$(inherited)",
				);
				GCC_WARN_64_TO_32_BIT_CONVERSION = YES;
				GCC_WARN_ABOUT_RETURN_TYPE = YES_ERROR;
				GCC_WARN_UNDECLARED_SELECTOR = YES;
				GCC_WARN_UNINITIALIZED_AUTOS = YES_AGGRESSIVE;
				GCC_WARN_UNUSED_FUNCTION = YES;
				GCC_WARN_UNUSED_VARIABLE = YES;
				IPHONEOS_DEPLOYMENT_TARGET = 16.4;
				MTL_ENABLE_DEBUG_INFO = INCLUDE_SOURCE;
				MTL_FAST_MATH = YES;
				ONLY_ACTIVE_ARCH = YES;
				SDKROOT = iphoneos;
				SWIFT_ACTIVE_COMPILATION_CONDITIONS = DEBUG;
				SWIFT_OPTIMIZATION_LEVEL = "-Onone";
			};
			name = Debug;
		};
		5AE7AD2F2A1E746B00996824 /* Release */ = {
			isa = XCBuildConfiguration;
			buildSettings = {
				ALWAYS_SEARCH_USER_PATHS = NO;
				CLANG_ANALYZER_NONNULL = YES;
				CLANG_ANALYZER_NUMBER_OBJECT_CONVERSION = YES_AGGRESSIVE;
				CLANG_CXX_LANGUAGE_STANDARD = "gnu++20";
				CLANG_ENABLE_MODULES = YES;
				CLANG_ENABLE_OBJC_ARC = YES;
				CLANG_ENABLE_OBJC_WEAK = YES;
				CLANG_WARN_BLOCK_CAPTURE_AUTORELEASING = YES;
				CLANG_WARN_BOOL_CONVERSION = YES;
				CLANG_WARN_COMMA = YES;
				CLANG_WARN_CONSTANT_CONVERSION = YES;
				CLANG_WARN_DEPRECATED_OBJC_IMPLEMENTATIONS = YES;
				CLANG_WARN_DIRECT_OBJC_ISA_USAGE = YES_ERROR;
				CLANG_WARN_DOCUMENTATION_COMMENTS = YES;
				CLANG_WARN_EMPTY_BODY = YES;
				CLANG_WARN_ENUM_CONVERSION = YES;
				CLANG_WARN_INFINITE_RECURSION = YES;
				CLANG_WARN_INT_CONVERSION = YES;
				CLANG_WARN_NON_LITERAL_NULL_CONVERSION = YES;
				CLANG_WARN_OBJC_IMPLICIT_RETAIN_SELF = YES;
				CLANG_WARN_OBJC_LITERAL_CONVERSION = YES;
				CLANG_WARN_OBJC_ROOT_CLASS = YES_ERROR;
				CLANG_WARN_QUOTED_INCLUDE_IN_FRAMEWORK_HEADER = YES;
				CLANG_WARN_RANGE_LOOP_ANALYSIS = YES;
				CLANG_WARN_STRICT_PROTOTYPES = YES;
				CLANG_WARN_SUSPICIOUS_MOVE = YES;
				CLANG_WARN_UNGUARDED_AVAILABILITY = YES_AGGRESSIVE;
				CLANG_WARN_UNREACHABLE_CODE = YES;
				CLANG_WARN__DUPLICATE_METHOD_MATCH = YES;
				COPY_PHASE_STRIP = NO;
				DEBUG_INFORMATION_FORMAT = "dwarf-with-dsym";
				ENABLE_NS_ASSERTIONS = NO;
				ENABLE_STRICT_OBJC_MSGSEND = YES;
				GCC_C_LANGUAGE_STANDARD = gnu11;
				GCC_NO_COMMON_BLOCKS = YES;
				GCC_WARN_64_TO_32_BIT_CONVERSION = YES;
				GCC_WARN_ABOUT_RETURN_TYPE = YES_ERROR;
				GCC_WARN_UNDECLARED_SELECTOR = YES;
				GCC_WARN_UNINITIALIZED_AUTOS = YES_AGGRESSIVE;
				GCC_WARN_UNUSED_FUNCTION = YES;
				GCC_WARN_UNUSED_VARIABLE = YES;
				IPHONEOS_DEPLOYMENT_TARGET = 16.4;
				MTL_ENABLE_DEBUG_INFO = NO;
				MTL_FAST_MATH = YES;
				SDKROOT = iphoneos;
				SWIFT_COMPILATION_MODE = wholemodule;
				SWIFT_OPTIMIZATION_LEVEL = "-O";
				VALIDATE_PRODUCT = YES;
			};
			name = Release;
		};
		5AE7AD312A1E746B00996824 /* Debug */ = {
			isa = XCBuildConfiguration;
			buildSettings = {
				ASSETCATALOG_COMPILER_APPICON_NAME = AppIcon;
				ASSETCATALOG_COMPILER_GLOBAL_ACCENT_COLOR_NAME = AccentColor;
				CODE_SIGN_ENTITLEMENTS = Panchi/Panchi.entitlements;
				CODE_SIGN_STYLE = Automatic;
				CURRENT_PROJECT_VERSION = 1;
				DEVELOPMENT_ASSET_PATHS = "\"Panchi/Preview Content\"";
				DEVELOPMENT_TEAM = 3CX8NL8QFA;
				ENABLE_PREVIEWS = YES;
				GENERATE_INFOPLIST_FILE = YES;
				INFOPLIST_FILE = Panchi/Info.plist;
				INFOPLIST_KEY_UIApplicationSceneManifest_Generation = YES;
				INFOPLIST_KEY_UIApplicationSupportsIndirectInputEvents = YES;
				INFOPLIST_KEY_UILaunchScreen_Generation = YES;
				INFOPLIST_KEY_UISupportedInterfaceOrientations_iPad = "UIInterfaceOrientationPortrait UIInterfaceOrientationPortraitUpsideDown UIInterfaceOrientationLandscapeLeft UIInterfaceOrientationLandscapeRight";
				INFOPLIST_KEY_UISupportedInterfaceOrientations_iPhone = "UIInterfaceOrientationPortrait UIInterfaceOrientationLandscapeLeft UIInterfaceOrientationLandscapeRight";
				LD_RUNPATH_SEARCH_PATHS = (
					"$(inherited)",
					"@executable_path/Frameworks",
				);
				MARKETING_VERSION = 1.0;
				PRODUCT_BUNDLE_IDENTIFIER = org.sandy.Panchi;
				PRODUCT_NAME = "$(TARGET_NAME)";
				SWIFT_EMIT_LOC_STRINGS = YES;
				SWIFT_VERSION = 5.0;
				TARGETED_DEVICE_FAMILY = "1,2";
			};
			name = Debug;
		};
		5AE7AD322A1E746B00996824 /* Release */ = {
			isa = XCBuildConfiguration;
			buildSettings = {
				ASSETCATALOG_COMPILER_APPICON_NAME = AppIcon;
				ASSETCATALOG_COMPILER_GLOBAL_ACCENT_COLOR_NAME = AccentColor;
				CODE_SIGN_ENTITLEMENTS = Panchi/Panchi.entitlements;
				CODE_SIGN_STYLE = Automatic;
				CURRENT_PROJECT_VERSION = 1;
				DEVELOPMENT_ASSET_PATHS = "\"Panchi/Preview Content\"";
				DEVELOPMENT_TEAM = 3CX8NL8QFA;
				ENABLE_PREVIEWS = YES;
				GENERATE_INFOPLIST_FILE = YES;
				INFOPLIST_FILE = Panchi/Info.plist;
				INFOPLIST_KEY_UIApplicationSceneManifest_Generation = YES;
				INFOPLIST_KEY_UIApplicationSupportsIndirectInputEvents = YES;
				INFOPLIST_KEY_UILaunchScreen_Generation = YES;
				INFOPLIST_KEY_UISupportedInterfaceOrientations_iPad = "UIInterfaceOrientationPortrait UIInterfaceOrientationPortraitUpsideDown UIInterfaceOrientationLandscapeLeft UIInterfaceOrientationLandscapeRight";
				INFOPLIST_KEY_UISupportedInterfaceOrientations_iPhone = "UIInterfaceOrientationPortrait UIInterfaceOrientationLandscapeLeft UIInterfaceOrientationLandscapeRight";
				LD_RUNPATH_SEARCH_PATHS = (
					"$(inherited)",
					"@executable_path/Frameworks",
				);
				MARKETING_VERSION = 1.0;
				PRODUCT_BUNDLE_IDENTIFIER = org.sandy.Panchi;
				PRODUCT_NAME = "$(TARGET_NAME)";
				SWIFT_EMIT_LOC_STRINGS = YES;
				SWIFT_VERSION = 5.0;
				TARGETED_DEVICE_FAMILY = "1,2";
			};
			name = Release;
		};
/* End XCBuildConfiguration section */

/* Begin XCConfigurationList section */
		5AE7AD1D2A1E746A00996824 /* Build configuration list for PBXProject "Panchi" */ = {
			isa = XCConfigurationList;
			buildConfigurations = (
				5AE7AD2E2A1E746B00996824 /* Debug */,
				5AE7AD2F2A1E746B00996824 /* Release */,
			);
			defaultConfigurationIsVisible = 0;
			defaultConfigurationName = Release;
		};
		5AE7AD302A1E746B00996824 /* Build configuration list for PBXNativeTarget "Panchi" */ = {
			isa = XCConfigurationList;
			buildConfigurations = (
				5AE7AD312A1E746B00996824 /* Debug */,
				5AE7AD322A1E746B00996824 /* Release */,
			);
			defaultConfigurationIsVisible = 0;
			defaultConfigurationName = Release;
		};
/* End XCConfigurationList section */

/* Begin XCRemoteSwiftPackageReference section */
		5AE7AD5D2A1FD15D00996824 /* XCRemoteSwiftPackageReference "firebase-ios-sdk" */ = {
			isa = XCRemoteSwiftPackageReference;
			repositoryURL = "https://github.com/firebase/firebase-ios-sdk.git";
			requirement = {
				kind = upToNextMajorVersion;
				minimumVersion = 10.0.0;
			};
		};
/* End XCRemoteSwiftPackageReference section */

/* Begin XCSwiftPackageProductDependency section */
		5AE7AD5E2A1FD15D00996824 /* FirebaseAuth */ = {
			isa = XCSwiftPackageProductDependency;
			package = 5AE7AD5D2A1FD15D00996824 /* XCRemoteSwiftPackageReference "firebase-ios-sdk" */;
			productName = FirebaseAuth;
		};
		5AE7AD602A1FD15D00996824 /* FirebaseFirestore */ = {
			isa = XCSwiftPackageProductDependency;
			package = 5AE7AD5D2A1FD15D00996824 /* XCRemoteSwiftPackageReference "firebase-ios-sdk" */;
			productName = FirebaseFirestore;
		};
		5AE7AD622A1FD15D00996824 /* FirebaseFirestoreSwift */ = {
			isa = XCSwiftPackageProductDependency;
			package = 5AE7AD5D2A1FD15D00996824 /* XCRemoteSwiftPackageReference "firebase-ios-sdk" */;
			productName = FirebaseFirestoreSwift;
		};
		5AE7AD642A1FD15D00996824 /* FirebaseStorage */ = {
			isa = XCSwiftPackageProductDependency;
			package = 5AE7AD5D2A1FD15D00996824 /* XCRemoteSwiftPackageReference "firebase-ios-sdk" */;
			productName = FirebaseStorage;
		};
/* End XCSwiftPackageProductDependency section */
	};
	rootObject = 5AE7AD1A2A1E746A00996824 /* Project object */;
}
